// !$*UTF8*$!
{
	archiveVersion = 1;
	classes = {
	};
	objectVersion = 56;
	objects = {

/* Begin PBXBuildFile section */
		7E00CAD42BBE7F4C0033A2F9 /* CupcakeCornerApp.swift in Sources */ = {isa = PBXBuildFile; fileRef = 7E00CAD32BBE7F4C0033A2F9 /* CupcakeCornerApp.swift */; };
		7E00CAD62BBE7F4C0033A2F9 /* HomeView.swift in Sources */ = {isa = PBXBuildFile; fileRef = 7E00CAD52BBE7F4C0033A2F9 /* HomeView.swift */; };
		7E00CAD82BBE7F4E0033A2F9 /* Assets.xcassets in Resources */ = {isa = PBXBuildFile; fileRef = 7E00CAD72BBE7F4E0033A2F9 /* Assets.xcassets */; };
		7E00CADB2BBE7F4E0033A2F9 /* Preview Assets.xcassets in Resources */ = {isa = PBXBuildFile; fileRef = 7E00CADA2BBE7F4E0033A2F9 /* Preview Assets.xcassets */; };
		7E00CAE32BBE81B00033A2F9 /* LICENSE in Resources */ = {isa = PBXBuildFile; fileRef = 7E00CAE12BBE81B00033A2F9 /* LICENSE */; };
		7E00CAE42BBE81B00033A2F9 /* README.md in Resources */ = {isa = PBXBuildFile; fileRef = 7E00CAE22BBE81B00033A2F9 /* README.md */; };
		7E22631C2BD1D325001AD0B6 /* PaymentMethod.swift in Sources */ = {isa = PBXBuildFile; fileRef = 7E22631B2BD1D325001AD0B6 /* PaymentMethod.swift */; };
		7E22631D2BD1D325001AD0B6 /* PaymentMethod.swift in Sources */ = {isa = PBXBuildFile; fileRef = 7E22631B2BD1D325001AD0B6 /* PaymentMethod.swift */; };
		7E22631F2BD1D78A001AD0B6 /* CreateAnAccountViewModel.swift in Sources */ = {isa = PBXBuildFile; fileRef = 7E22631E2BD1D78A001AD0B6 /* CreateAnAccountViewModel.swift */; };
		7E2263202BD1D78A001AD0B6 /* CreateAnAccountViewModel.swift in Sources */ = {isa = PBXBuildFile; fileRef = 7E22631E2BD1D78A001AD0B6 /* CreateAnAccountViewModel.swift */; };
		7E2263282BD1DC36001AD0B6 /* CreateUser.swift in Sources */ = {isa = PBXBuildFile; fileRef = 7E2263272BD1DC36001AD0B6 /* CreateUser.swift */; };
		7E2263292BD1DC36001AD0B6 /* CreateUser.swift in Sources */ = {isa = PBXBuildFile; fileRef = 7E2263272BD1DC36001AD0B6 /* CreateUser.swift */; };
		7E22632B2BD1E4D3001AD0B6 /* AppError.swift in Sources */ = {isa = PBXBuildFile; fileRef = 7E22632A2BD1E4D3001AD0B6 /* AppError.swift */; };
		7E22632C2BD1E4D3001AD0B6 /* AppError.swift in Sources */ = {isa = PBXBuildFile; fileRef = 7E22632A2BD1E4D3001AD0B6 /* AppError.swift */; };
		7E22632E2BD1F32A001AD0B6 /* ViewState.swift in Sources */ = {isa = PBXBuildFile; fileRef = 7E22632D2BD1F32A001AD0B6 /* ViewState.swift */; };
		7E22632F2BD1F32A001AD0B6 /* ViewState.swift in Sources */ = {isa = PBXBuildFile; fileRef = 7E22632D2BD1F32A001AD0B6 /* ViewState.swift */; };
		7E2263302BD1F8CA001AD0B6 /* CreateAnAccount.swift in Sources */ = {isa = PBXBuildFile; fileRef = 7EFF52EA2BC528CB0048A61B /* CreateAnAccount.swift */; };
		7E2263312BD1F8EB001AD0B6 /* CancelButton.swift in Sources */ = {isa = PBXBuildFile; fileRef = 7EFF52E62BC517A00048A61B /* CancelButton.swift */; };
		7E2263382BD1FBB1001AD0B6 /* Login.swift in Sources */ = {isa = PBXBuildFile; fileRef = 7E2263372BD1FBB1001AD0B6 /* Login.swift */; };
		7E2263392BD1FBB1001AD0B6 /* Login.swift in Sources */ = {isa = PBXBuildFile; fileRef = 7E2263372BD1FBB1001AD0B6 /* Login.swift */; };
		7E22633B2BD1FCA8001AD0B6 /* LoginViewModel.swift in Sources */ = {isa = PBXBuildFile; fileRef = 7E22633A2BD1FCA8001AD0B6 /* LoginViewModel.swift */; };
		7E22633C2BD1FCA8001AD0B6 /* LoginViewModel.swift in Sources */ = {isa = PBXBuildFile; fileRef = 7E22633A2BD1FCA8001AD0B6 /* LoginViewModel.swift */; };
		7E26AE162BD768C700036AD0 /* ProfileView.swift in Sources */ = {isa = PBXBuildFile; fileRef = 7E9DDFA62BBF925200C73D99 /* ProfileView.swift */; };
		7E26AE172BD768DE00036AD0 /* NamespaceKey.swift in Sources */ = {isa = PBXBuildFile; fileRef = 7ECFD35A2BD4CD6C00171C7C /* NamespaceKey.swift */; };
		7E26AE182BD7690500036AD0 /* PageController.swift in Sources */ = {isa = PBXBuildFile; fileRef = 7ECFD3552BD4C89100171C7C /* PageController.swift */; };
		7E440FF02BD4695000F740E5 /* SwiftDataService.swift in Sources */ = {isa = PBXBuildFile; fileRef = 7E440FEF2BD4695000F740E5 /* SwiftDataService.swift */; };
		7E90476F2BC10D5100DB7516 /* BagViewTexts.swift in Sources */ = {isa = PBXBuildFile; fileRef = 7E90476E2BC10D5100DB7516 /* BagViewTexts.swift */; };
		7E9047732BC11EDA00DB7516 /* BagViewEmpty.swift in Sources */ = {isa = PBXBuildFile; fileRef = 7E9047722BC11EDA00DB7516 /* BagViewEmpty.swift */; };
		7E9047752BC11F5B00DB7516 /* ItemCard.swift in Sources */ = {isa = PBXBuildFile; fileRef = 7E9047742BC11F5B00DB7516 /* ItemCard.swift */; };
		7E90477A2BC1207B00DB7516 /* ActionButton.swift in Sources */ = {isa = PBXBuildFile; fileRef = 7E9047792BC1207B00DB7516 /* ActionButton.swift */; };
		7E90477C2BC1210F00DB7516 /* InformationLabel.swift in Sources */ = {isa = PBXBuildFile; fileRef = 7E90477B2BC1210F00DB7516 /* InformationLabel.swift */; };
		7E9DDFA32BBF922000C73D99 /* BagView.swift in Sources */ = {isa = PBXBuildFile; fileRef = 7E9DDFA22BBF922000C73D99 /* BagView.swift */; };
		7E9DDFA52BBF924100C73D99 /* BuyView.swift in Sources */ = {isa = PBXBuildFile; fileRef = 7E9DDFA42BBF924100C73D99 /* BuyView.swift */; };
		7E9DDFA72BBF925200C73D99 /* ProfileView.swift in Sources */ = {isa = PBXBuildFile; fileRef = 7E9DDFA62BBF925200C73D99 /* ProfileView.swift */; };
		7E9DDFA92BBF937B00C73D99 /* OrderView.swift in Sources */ = {isa = PBXBuildFile; fileRef = 7E9DDFA82BBF937B00C73D99 /* OrderView.swift */; };
		7E9DDFAE2BBF956600C73D99 /* Tab.swift in Sources */ = {isa = PBXBuildFile; fileRef = 7E9DDFAD2BBF956600C73D99 /* Tab.swift */; };
		7E9DDFB32BBF962C00C73D99 /* Icon.swift in Sources */ = {isa = PBXBuildFile; fileRef = 7E9DDFB22BBF962C00C73D99 /* Icon.swift */; };
		7E9DDFB82BBF9D6B00C73D99 /* BuyText.swift in Sources */ = {isa = PBXBuildFile; fileRef = 7E9DDFB72BBF9D6B00C73D99 /* BuyText.swift */; };
		7E9DDFBB2BBFA3AC00C73D99 /* FreeShipping.swift in Sources */ = {isa = PBXBuildFile; fileRef = 7E9DDFBA2BBFA3AC00C73D99 /* FreeShipping.swift */; };
		7E9DDFBD2BBFAFEE00C73D99 /* CupcakeCard.swift in Sources */ = {isa = PBXBuildFile; fileRef = 7E9DDFBC2BBFAFEE00C73D99 /* CupcakeCard.swift */; };
		7E9DDFBF2BBFBF3500C73D99 /* NewCupcakeHighlights.swift in Sources */ = {isa = PBXBuildFile; fileRef = 7E9DDFBE2BBFBF3500C73D99 /* NewCupcakeHighlights.swift */; };
		7E9DDFC22BBFC21A00C73D99 /* Double+Extension.swift in Sources */ = {isa = PBXBuildFile; fileRef = 7E9DDFC12BBFC21A00C73D99 /* Double+Extension.swift */; };
		7E9DDFC42BBFC6A200C73D99 /* View+Extension.swift in Sources */ = {isa = PBXBuildFile; fileRef = 7E9DDFC32BBFC6A200C73D99 /* View+Extension.swift */; };
		7EA204382BD32ED500C8A6DF /* Navigation.swift in Sources */ = {isa = PBXBuildFile; fileRef = 7EA204372BD32ED500C8A6DF /* Navigation.swift */; };
		7EA2043C2BD3379300C8A6DF /* Icon.swift in Sources */ = {isa = PBXBuildFile; fileRef = 7E9DDFB22BBF962C00C73D99 /* Icon.swift */; };
		7EA2043D2BD337A700C8A6DF /* InformationLabel.swift in Sources */ = {isa = PBXBuildFile; fileRef = 7E90477B2BC1210F00DB7516 /* InformationLabel.swift */; };
		7EA2043E2BD337AB00C8A6DF /* ItemCard.swift in Sources */ = {isa = PBXBuildFile; fileRef = 7E9047742BC11F5B00DB7516 /* ItemCard.swift */; };
		7EA2043F2BD337BE00C8A6DF /* Navigation.swift in Sources */ = {isa = PBXBuildFile; fileRef = 7EA204372BD32ED500C8A6DF /* Navigation.swift */; };
		7EA204402BD3429C00C8A6DF /* View+Extension.swift in Sources */ = {isa = PBXBuildFile; fileRef = 7E9DDFC32BBFC6A200C73D99 /* View+Extension.swift */; };
		7EA204412BD342A000C8A6DF /* Double+Extension.swift in Sources */ = {isa = PBXBuildFile; fileRef = 7E9DDFC12BBFC21A00C73D99 /* Double+Extension.swift */; };
		7EA204472BD372E200C8A6DF /* HTTPMethod.swift in Sources */ = {isa = PBXBuildFile; fileRef = 7EA204462BD372E200C8A6DF /* HTTPMethod.swift */; };
		7EA204482BD372E200C8A6DF /* HTTPMethod.swift in Sources */ = {isa = PBXBuildFile; fileRef = 7EA204462BD372E200C8A6DF /* HTTPMethod.swift */; };
		7EA2044A2BD3733300C8A6DF /* HTTPHeaderField.swift in Sources */ = {isa = PBXBuildFile; fileRef = 7EA204492BD3733300C8A6DF /* HTTPHeaderField.swift */; };
		7EA2044B2BD3733300C8A6DF /* HTTPHeaderField.swift in Sources */ = {isa = PBXBuildFile; fileRef = 7EA204492BD3733300C8A6DF /* HTTPHeaderField.swift */; };
		7EA2044D2BD378D800C8A6DF /* Token.swift in Sources */ = {isa = PBXBuildFile; fileRef = 7EA2044C2BD378D800C8A6DF /* Token.swift */; };
		7EA2044E2BD378D800C8A6DF /* Token.swift in Sources */ = {isa = PBXBuildFile; fileRef = 7EA2044C2BD378D800C8A6DF /* Token.swift */; };
		7EA204502BD37D3D00C8A6DF /* AuthorizationHeader.swift in Sources */ = {isa = PBXBuildFile; fileRef = 7EA2044F2BD37D3D00C8A6DF /* AuthorizationHeader.swift */; };
		7EA204512BD37D3D00C8A6DF /* AuthorizationHeader.swift in Sources */ = {isa = PBXBuildFile; fileRef = 7EA2044F2BD37D3D00C8A6DF /* AuthorizationHeader.swift */; };
		7EA204532BD37F8D00C8A6DF /* KeychainService.swift in Sources */ = {isa = PBXBuildFile; fileRef = 7EA204522BD37F8D00C8A6DF /* KeychainService.swift */; };
		7EA204542BD37F8D00C8A6DF /* KeychainService.swift in Sources */ = {isa = PBXBuildFile; fileRef = 7EA204522BD37F8D00C8A6DF /* KeychainService.swift */; };
		7EA204572BD390CD00C8A6DF /* APIError.swift in Sources */ = {isa = PBXBuildFile; fileRef = 7EA204562BD390CD00C8A6DF /* APIError.swift */; };
		7EA204582BD390CD00C8A6DF /* APIError.swift in Sources */ = {isa = PBXBuildFile; fileRef = 7EA204562BD390CD00C8A6DF /* APIError.swift */; };
		7EA2045A2BD390EF00C8A6DF /* KeychainError.swift in Sources */ = {isa = PBXBuildFile; fileRef = 7EA204592BD390EF00C8A6DF /* KeychainError.swift */; };
		7EA2045B2BD390EF00C8A6DF /* KeychainError.swift in Sources */ = {isa = PBXBuildFile; fileRef = 7EA204592BD390EF00C8A6DF /* KeychainError.swift */; };
		7EA2045E2BD3938300C8A6DF /* Keys.swift in Sources */ = {isa = PBXBuildFile; fileRef = 7EA2045D2BD3938300C8A6DF /* Keys.swift */; };
		7EA2045F2BD3938300C8A6DF /* Keys.swift in Sources */ = {isa = PBXBuildFile; fileRef = 7EA2045D2BD3938300C8A6DF /* Keys.swift */; };
		7EB3EEB42BCF7C6B008535A1 /* BuyViewModel.swift in Sources */ = {isa = PBXBuildFile; fileRef = 7EB3EEB32BCF7C6B008535A1 /* BuyViewModel.swift */; };
		7ECFD3452BD497FB00171C7C /* AccountView.swift in Sources */ = {isa = PBXBuildFile; fileRef = 7EFF52EC2BC52A6E0048A61B /* AccountView.swift */; };
		7ECFD3472BD4986600171C7C /* AccountViewModel.swift in Sources */ = {isa = PBXBuildFile; fileRef = 7ECFD3462BD4986600171C7C /* AccountViewModel.swift */; };
		7ECFD3492BD499CC00171C7C /* UserPublic.swift in Sources */ = {isa = PBXBuildFile; fileRef = 7ECFD3482BD499CC00171C7C /* UserPublic.swift */; };
		7ECFD34A2BD49B1D00171C7C /* UserPublic.swift in Sources */ = {isa = PBXBuildFile; fileRef = 7ECFD3482BD499CC00171C7C /* UserPublic.swift */; };
		7ECFD34B2BD49C2900171C7C /* SwiftDataService.swift in Sources */ = {isa = PBXBuildFile; fileRef = 7E440FEF2BD4695000F740E5 /* SwiftDataService.swift */; };
		7ECFD34D2BD4A3BA00171C7C /* SwiftDataError.swift in Sources */ = {isa = PBXBuildFile; fileRef = 7ECFD34C2BD4A3BA00171C7C /* SwiftDataError.swift */; };
		7ECFD34E2BD4A93400171C7C /* AccountViewModel.swift in Sources */ = {isa = PBXBuildFile; fileRef = 7ECFD3462BD4986600171C7C /* AccountViewModel.swift */; };
		7ECFD34F2BD4A94F00171C7C /* SwiftDataError.swift in Sources */ = {isa = PBXBuildFile; fileRef = 7ECFD34C2BD4A3BA00171C7C /* SwiftDataError.swift */; };
		7ECFD3502BD4AC9300171C7C /* BuyView.swift in Sources */ = {isa = PBXBuildFile; fileRef = 7E9DDFA42BBF924100C73D99 /* BuyView.swift */; };
		7ECFD3512BD4ACA000171C7C /* FreeShipping.swift in Sources */ = {isa = PBXBuildFile; fileRef = 7E9DDFBA2BBFA3AC00C73D99 /* FreeShipping.swift */; };
		7ECFD3522BD4ACA300171C7C /* CupcakeCard.swift in Sources */ = {isa = PBXBuildFile; fileRef = 7E9DDFBC2BBFAFEE00C73D99 /* CupcakeCard.swift */; };
		7ECFD3532BD4ACA600171C7C /* NewCupcakeHighlights.swift in Sources */ = {isa = PBXBuildFile; fileRef = 7E9DDFBE2BBFBF3500C73D99 /* NewCupcakeHighlights.swift */; };
		7ECFD3542BD4ACDD00171C7C /* BuyText.swift in Sources */ = {isa = PBXBuildFile; fileRef = 7E9DDFB72BBF9D6B00C73D99 /* BuyText.swift */; };
		7ECFD3562BD4C89100171C7C /* PageController.swift in Sources */ = {isa = PBXBuildFile; fileRef = 7ECFD3552BD4C89100171C7C /* PageController.swift */; };
		7ECFD35B2BD4CD6C00171C7C /* NamespaceKey.swift in Sources */ = {isa = PBXBuildFile; fileRef = 7ECFD35A2BD4CD6C00171C7C /* NamespaceKey.swift */; };
		7ED01C9C2BC2883D00387838 /* ProductHighlight.swift in Sources */ = {isa = PBXBuildFile; fileRef = 7ED01C9B2BC2883D00387838 /* ProductHighlight.swift */; };
		7ED01C9E2BC2885800387838 /* SpecialRequestButton.swift in Sources */ = {isa = PBXBuildFile; fileRef = 7ED01C9D2BC2885800387838 /* SpecialRequestButton.swift */; };
		7EEAAD352BD0EBD4002963F3 /* CupcakeCornerForAdminApp.swift in Sources */ = {isa = PBXBuildFile; fileRef = 7EEAAD342BD0EBD4002963F3 /* CupcakeCornerForAdminApp.swift */; };
		7EEAAD372BD0EBD4002963F3 /* ContentView.swift in Sources */ = {isa = PBXBuildFile; fileRef = 7EEAAD362BD0EBD4002963F3 /* ContentView.swift */; };
		7EEAAD392BD0EBD7002963F3 /* Assets.xcassets in Resources */ = {isa = PBXBuildFile; fileRef = 7EEAAD382BD0EBD6002963F3 /* Assets.xcassets */; };
		7EEAAD3C2BD0EBD7002963F3 /* Preview Assets.xcassets in Resources */ = {isa = PBXBuildFile; fileRef = 7EEAAD3B2BD0EBD7002963F3 /* Preview Assets.xcassets */; };
		7EEAAD4A2BD0F1B6002963F3 /* LoginView.swift in Sources */ = {isa = PBXBuildFile; fileRef = 7EEAAD492BD0F1B6002963F3 /* LoginView.swift */; };
		7EEAAD4B2BD0F1B6002963F3 /* LoginView.swift in Sources */ = {isa = PBXBuildFile; fileRef = 7EEAAD492BD0F1B6002963F3 /* LoginView.swift */; };
		7EEAAD4C2BD0F5F3002963F3 /* ActionButton.swift in Sources */ = {isa = PBXBuildFile; fileRef = 7E9047792BC1207B00DB7516 /* ActionButton.swift */; };
		7EEAAD522BD0FD73002963F3 /* User.swift in Sources */ = {isa = PBXBuildFile; fileRef = 7EEAAD512BD0FD73002963F3 /* User.swift */; };
		7EEAAD532BD0FD73002963F3 /* User.swift in Sources */ = {isa = PBXBuildFile; fileRef = 7EEAAD512BD0FD73002963F3 /* User.swift */; };
		7EEAAD552BD0FDED002963F3 /* Role.swift in Sources */ = {isa = PBXBuildFile; fileRef = 7EEAAD542BD0FDED002963F3 /* Role.swift */; };
		7EEAAD562BD0FDED002963F3 /* Role.swift in Sources */ = {isa = PBXBuildFile; fileRef = 7EEAAD542BD0FDED002963F3 /* Role.swift */; };
		7EFF52E52BC517450048A61B /* BagViewPopulated.swift in Sources */ = {isa = PBXBuildFile; fileRef = 7EFF52E42BC517450048A61B /* BagViewPopulated.swift */; };
		7EFF52E72BC517A00048A61B /* CancelButton.swift in Sources */ = {isa = PBXBuildFile; fileRef = 7EFF52E62BC517A00048A61B /* CancelButton.swift */; };
		7EFF52EB2BC528CB0048A61B /* CreateAnAccount.swift in Sources */ = {isa = PBXBuildFile; fileRef = 7EFF52EA2BC528CB0048A61B /* CreateAnAccount.swift */; };
		7EFF52ED2BC52A6E0048A61B /* AccountView.swift in Sources */ = {isa = PBXBuildFile; fileRef = 7EFF52EC2BC52A6E0048A61B /* AccountView.swift */; };
/* End PBXBuildFile section */

/* Begin PBXFileReference section */
		7E00CAD02BBE7F4C0033A2F9 /* CupcakeCorner.app */ = {isa = PBXFileReference; explicitFileType = wrapper.application; includeInIndex = 0; path = CupcakeCorner.app; sourceTree = BUILT_PRODUCTS_DIR; };
		7E00CAD32BBE7F4C0033A2F9 /* CupcakeCornerApp.swift */ = {isa = PBXFileReference; lastKnownFileType = sourcecode.swift; path = CupcakeCornerApp.swift; sourceTree = "<group>"; };
		7E00CAD52BBE7F4C0033A2F9 /* HomeView.swift */ = {isa = PBXFileReference; lastKnownFileType = sourcecode.swift; path = HomeView.swift; sourceTree = "<group>"; };
		7E00CAD72BBE7F4E0033A2F9 /* Assets.xcassets */ = {isa = PBXFileReference; lastKnownFileType = folder.assetcatalog; path = Assets.xcassets; sourceTree = "<group>"; };
		7E00CADA2BBE7F4E0033A2F9 /* Preview Assets.xcassets */ = {isa = PBXFileReference; lastKnownFileType = folder.assetcatalog; path = "Preview Assets.xcassets"; sourceTree = "<group>"; };
		7E00CAE12BBE81B00033A2F9 /* LICENSE */ = {isa = PBXFileReference; fileEncoding = 4; lastKnownFileType = text; path = LICENSE; sourceTree = "<group>"; };
		7E00CAE22BBE81B00033A2F9 /* README.md */ = {isa = PBXFileReference; fileEncoding = 4; lastKnownFileType = net.daringfireball.markdown; path = README.md; sourceTree = "<group>"; };
		7E22631B2BD1D325001AD0B6 /* PaymentMethod.swift */ = {isa = PBXFileReference; lastKnownFileType = sourcecode.swift; path = PaymentMethod.swift; sourceTree = "<group>"; };
		7E22631E2BD1D78A001AD0B6 /* CreateAnAccountViewModel.swift */ = {isa = PBXFileReference; lastKnownFileType = sourcecode.swift; path = CreateAnAccountViewModel.swift; sourceTree = "<group>"; };
		7E2263272BD1DC36001AD0B6 /* CreateUser.swift */ = {isa = PBXFileReference; lastKnownFileType = sourcecode.swift; path = CreateUser.swift; sourceTree = "<group>"; };
		7E22632A2BD1E4D3001AD0B6 /* AppError.swift */ = {isa = PBXFileReference; lastKnownFileType = sourcecode.swift; path = AppError.swift; sourceTree = "<group>"; };
		7E22632D2BD1F32A001AD0B6 /* ViewState.swift */ = {isa = PBXFileReference; lastKnownFileType = sourcecode.swift; path = ViewState.swift; sourceTree = "<group>"; };
		7E2263372BD1FBB1001AD0B6 /* Login.swift */ = {isa = PBXFileReference; lastKnownFileType = sourcecode.swift; path = Login.swift; sourceTree = "<group>"; };
		7E22633A2BD1FCA8001AD0B6 /* LoginViewModel.swift */ = {isa = PBXFileReference; lastKnownFileType = sourcecode.swift; path = LoginViewModel.swift; sourceTree = "<group>"; };
		7E440FEF2BD4695000F740E5 /* SwiftDataService.swift */ = {isa = PBXFileReference; lastKnownFileType = sourcecode.swift; path = SwiftDataService.swift; sourceTree = "<group>"; };
		7E90476E2BC10D5100DB7516 /* BagViewTexts.swift */ = {isa = PBXFileReference; lastKnownFileType = sourcecode.swift; path = BagViewTexts.swift; sourceTree = "<group>"; };
		7E9047722BC11EDA00DB7516 /* BagViewEmpty.swift */ = {isa = PBXFileReference; lastKnownFileType = sourcecode.swift; path = BagViewEmpty.swift; sourceTree = "<group>"; };
		7E9047742BC11F5B00DB7516 /* ItemCard.swift */ = {isa = PBXFileReference; lastKnownFileType = sourcecode.swift; path = ItemCard.swift; sourceTree = "<group>"; };
		7E9047792BC1207B00DB7516 /* ActionButton.swift */ = {isa = PBXFileReference; lastKnownFileType = sourcecode.swift; path = ActionButton.swift; sourceTree = "<group>"; };
		7E90477B2BC1210F00DB7516 /* InformationLabel.swift */ = {isa = PBXFileReference; lastKnownFileType = sourcecode.swift; path = InformationLabel.swift; sourceTree = "<group>"; };
		7E9DDFA22BBF922000C73D99 /* BagView.swift */ = {isa = PBXFileReference; lastKnownFileType = sourcecode.swift; path = BagView.swift; sourceTree = "<group>"; };
		7E9DDFA42BBF924100C73D99 /* BuyView.swift */ = {isa = PBXFileReference; lastKnownFileType = sourcecode.swift; path = BuyView.swift; sourceTree = "<group>"; };
		7E9DDFA62BBF925200C73D99 /* ProfileView.swift */ = {isa = PBXFileReference; lastKnownFileType = sourcecode.swift; path = ProfileView.swift; sourceTree = "<group>"; };
		7E9DDFA82BBF937B00C73D99 /* OrderView.swift */ = {isa = PBXFileReference; lastKnownFileType = sourcecode.swift; path = OrderView.swift; sourceTree = "<group>"; };
		7E9DDFAD2BBF956600C73D99 /* Tab.swift */ = {isa = PBXFileReference; lastKnownFileType = sourcecode.swift; path = Tab.swift; sourceTree = "<group>"; };
		7E9DDFB22BBF962C00C73D99 /* Icon.swift */ = {isa = PBXFileReference; lastKnownFileType = sourcecode.swift; path = Icon.swift; sourceTree = "<group>"; };
		7E9DDFB72BBF9D6B00C73D99 /* BuyText.swift */ = {isa = PBXFileReference; lastKnownFileType = sourcecode.swift; path = BuyText.swift; sourceTree = "<group>"; };
		7E9DDFBA2BBFA3AC00C73D99 /* FreeShipping.swift */ = {isa = PBXFileReference; lastKnownFileType = sourcecode.swift; path = FreeShipping.swift; sourceTree = "<group>"; };
		7E9DDFBC2BBFAFEE00C73D99 /* CupcakeCard.swift */ = {isa = PBXFileReference; lastKnownFileType = sourcecode.swift; path = CupcakeCard.swift; sourceTree = "<group>"; };
		7E9DDFBE2BBFBF3500C73D99 /* NewCupcakeHighlights.swift */ = {isa = PBXFileReference; lastKnownFileType = sourcecode.swift; path = NewCupcakeHighlights.swift; sourceTree = "<group>"; };
		7E9DDFC12BBFC21A00C73D99 /* Double+Extension.swift */ = {isa = PBXFileReference; lastKnownFileType = sourcecode.swift; path = "Double+Extension.swift"; sourceTree = "<group>"; };
		7E9DDFC32BBFC6A200C73D99 /* View+Extension.swift */ = {isa = PBXFileReference; lastKnownFileType = sourcecode.swift; path = "View+Extension.swift"; sourceTree = "<group>"; };
		7EA204372BD32ED500C8A6DF /* Navigation.swift */ = {isa = PBXFileReference; lastKnownFileType = sourcecode.swift; path = Navigation.swift; sourceTree = "<group>"; };
		7EA204462BD372E200C8A6DF /* HTTPMethod.swift */ = {isa = PBXFileReference; lastKnownFileType = sourcecode.swift; path = HTTPMethod.swift; sourceTree = "<group>"; };
		7EA204492BD3733300C8A6DF /* HTTPHeaderField.swift */ = {isa = PBXFileReference; lastKnownFileType = sourcecode.swift; path = HTTPHeaderField.swift; sourceTree = "<group>"; };
		7EA2044C2BD378D800C8A6DF /* Token.swift */ = {isa = PBXFileReference; lastKnownFileType = sourcecode.swift; path = Token.swift; sourceTree = "<group>"; };
		7EA2044F2BD37D3D00C8A6DF /* AuthorizationHeader.swift */ = {isa = PBXFileReference; lastKnownFileType = sourcecode.swift; path = AuthorizationHeader.swift; sourceTree = "<group>"; };
		7EA204522BD37F8D00C8A6DF /* KeychainService.swift */ = {isa = PBXFileReference; lastKnownFileType = sourcecode.swift; path = KeychainService.swift; sourceTree = "<group>"; };
		7EA204562BD390CD00C8A6DF /* APIError.swift */ = {isa = PBXFileReference; lastKnownFileType = sourcecode.swift; path = APIError.swift; sourceTree = "<group>"; };
		7EA204592BD390EF00C8A6DF /* KeychainError.swift */ = {isa = PBXFileReference; lastKnownFileType = sourcecode.swift; path = KeychainError.swift; sourceTree = "<group>"; };
		7EA2045D2BD3938300C8A6DF /* Keys.swift */ = {isa = PBXFileReference; lastKnownFileType = sourcecode.swift; path = Keys.swift; sourceTree = "<group>"; };
		7EB3EEB32BCF7C6B008535A1 /* BuyViewModel.swift */ = {isa = PBXFileReference; lastKnownFileType = sourcecode.swift; path = BuyViewModel.swift; sourceTree = "<group>"; };
		7ECFD3462BD4986600171C7C /* AccountViewModel.swift */ = {isa = PBXFileReference; lastKnownFileType = sourcecode.swift; path = AccountViewModel.swift; sourceTree = "<group>"; };
		7ECFD3482BD499CC00171C7C /* UserPublic.swift */ = {isa = PBXFileReference; lastKnownFileType = sourcecode.swift; path = UserPublic.swift; sourceTree = "<group>"; };
		7ECFD34C2BD4A3BA00171C7C /* SwiftDataError.swift */ = {isa = PBXFileReference; lastKnownFileType = sourcecode.swift; path = SwiftDataError.swift; sourceTree = "<group>"; };
		7ECFD3552BD4C89100171C7C /* PageController.swift */ = {isa = PBXFileReference; lastKnownFileType = sourcecode.swift; path = PageController.swift; sourceTree = "<group>"; };
		7ECFD35A2BD4CD6C00171C7C /* NamespaceKey.swift */ = {isa = PBXFileReference; lastKnownFileType = sourcecode.swift; path = NamespaceKey.swift; sourceTree = "<group>"; };
		7ED01C9B2BC2883D00387838 /* ProductHighlight.swift */ = {isa = PBXFileReference; lastKnownFileType = sourcecode.swift; path = ProductHighlight.swift; sourceTree = "<group>"; };
		7ED01C9D2BC2885800387838 /* SpecialRequestButton.swift */ = {isa = PBXFileReference; lastKnownFileType = sourcecode.swift; path = SpecialRequestButton.swift; sourceTree = "<group>"; };
		7EEAAD322BD0EBD4002963F3 /* CupcakeCornerForAdmin.app */ = {isa = PBXFileReference; explicitFileType = wrapper.application; includeInIndex = 0; path = CupcakeCornerForAdmin.app; sourceTree = BUILT_PRODUCTS_DIR; };
		7EEAAD342BD0EBD4002963F3 /* CupcakeCornerForAdminApp.swift */ = {isa = PBXFileReference; lastKnownFileType = sourcecode.swift; path = CupcakeCornerForAdminApp.swift; sourceTree = "<group>"; };
		7EEAAD362BD0EBD4002963F3 /* ContentView.swift */ = {isa = PBXFileReference; lastKnownFileType = sourcecode.swift; path = ContentView.swift; sourceTree = "<group>"; };
		7EEAAD382BD0EBD6002963F3 /* Assets.xcassets */ = {isa = PBXFileReference; lastKnownFileType = folder.assetcatalog; path = Assets.xcassets; sourceTree = "<group>"; };
		7EEAAD3B2BD0EBD7002963F3 /* Preview Assets.xcassets */ = {isa = PBXFileReference; lastKnownFileType = folder.assetcatalog; path = "Preview Assets.xcassets"; sourceTree = "<group>"; };
		7EEAAD492BD0F1B6002963F3 /* LoginView.swift */ = {isa = PBXFileReference; lastKnownFileType = sourcecode.swift; path = LoginView.swift; sourceTree = "<group>"; };
		7EEAAD512BD0FD73002963F3 /* User.swift */ = {isa = PBXFileReference; lastKnownFileType = sourcecode.swift; path = User.swift; sourceTree = "<group>"; };
		7EEAAD542BD0FDED002963F3 /* Role.swift */ = {isa = PBXFileReference; lastKnownFileType = sourcecode.swift; path = Role.swift; sourceTree = "<group>"; };
		7EFF52E42BC517450048A61B /* BagViewPopulated.swift */ = {isa = PBXFileReference; fileEncoding = 4; lastKnownFileType = sourcecode.swift; path = BagViewPopulated.swift; sourceTree = "<group>"; };
		7EFF52E62BC517A00048A61B /* CancelButton.swift */ = {isa = PBXFileReference; lastKnownFileType = sourcecode.swift; path = CancelButton.swift; sourceTree = "<group>"; };
		7EFF52EA2BC528CB0048A61B /* CreateAnAccount.swift */ = {isa = PBXFileReference; lastKnownFileType = sourcecode.swift; path = CreateAnAccount.swift; sourceTree = "<group>"; };
		7EFF52EC2BC52A6E0048A61B /* AccountView.swift */ = {isa = PBXFileReference; lastKnownFileType = sourcecode.swift; path = AccountView.swift; sourceTree = "<group>"; };
/* End PBXFileReference section */

/* Begin PBXFrameworksBuildPhase section */
		7E00CACD2BBE7F4C0033A2F9 /* Frameworks */ = {
			isa = PBXFrameworksBuildPhase;
			buildActionMask = 2147483647;
			files = (
			);
			runOnlyForDeploymentPostprocessing = 0;
		};
		7EEAAD2F2BD0EBD4002963F3 /* Frameworks */ = {
			isa = PBXFrameworksBuildPhase;
			buildActionMask = 2147483647;
			files = (
			);
			runOnlyForDeploymentPostprocessing = 0;
		};
/* End PBXFrameworksBuildPhase section */

/* Begin PBXGroup section */
		7E00CAC72BBE7F4C0033A2F9 = {
			isa = PBXGroup;
			children = (
				7EEAAD402BD0ED6B002963F3 /* Common */,
				7E00CAD22BBE7F4C0033A2F9 /* CupcakeCorner */,
				7EEAAD332BD0EBD4002963F3 /* CupcakeCornerForAdmin */,
				7E00CAE12BBE81B00033A2F9 /* LICENSE */,
				7E00CAE22BBE81B00033A2F9 /* README.md */,
				7E00CAD12BBE7F4C0033A2F9 /* Products */,
			);
			sourceTree = "<group>";
		};
		7E00CAD12BBE7F4C0033A2F9 /* Products */ = {
			isa = PBXGroup;
			children = (
				7E00CAD02BBE7F4C0033A2F9 /* CupcakeCorner.app */,
				7EEAAD322BD0EBD4002963F3 /* CupcakeCornerForAdmin.app */,
			);
			name = Products;
			sourceTree = "<group>";
		};
		7E00CAD22BBE7F4C0033A2F9 /* CupcakeCorner */ = {
			isa = PBXGroup;
			children = (
				7E00CAD32BBE7F4C0033A2F9 /* CupcakeCornerApp.swift */,
				7E00CAD72BBE7F4E0033A2F9 /* Assets.xcassets */,
				7E00CAD92BBE7F4E0033A2F9 /* Preview Content */,
				7E00CAE62BBE876D0033A2F9 /* View */,
				7E00CAE72BBE87740033A2F9 /* View Model */,
				7E9DDFAF2BBF960F00C73D99 /* Enums */,
				7E9DDFC02BBFC20500C73D99 /* Extensions */,
			);
			path = CupcakeCorner;
			sourceTree = "<group>";
		};
		7E00CAD92BBE7F4E0033A2F9 /* Preview Content */ = {
			isa = PBXGroup;
			children = (
				7E00CADA2BBE7F4E0033A2F9 /* Preview Assets.xcassets */,
			);
			path = "Preview Content";
			sourceTree = "<group>";
		};
		7E00CAE52BBE87660033A2F9 /* Enums */ = {
			isa = PBXGroup;
			children = (
				7EEAAD542BD0FDED002963F3 /* Role.swift */,
				7E22631B2BD1D325001AD0B6 /* PaymentMethod.swift */,
				7E22632D2BD1F32A001AD0B6 /* ViewState.swift */,
				7E9DDFB22BBF962C00C73D99 /* Icon.swift */,
				7EA204462BD372E200C8A6DF /* HTTPMethod.swift */,
				7EA204492BD3733300C8A6DF /* HTTPHeaderField.swift */,
				7EA2044F2BD37D3D00C8A6DF /* AuthorizationHeader.swift */,
				7EA2045D2BD3938300C8A6DF /* Keys.swift */,
				7ECFD35A2BD4CD6C00171C7C /* NamespaceKey.swift */,
			);
			path = Enums;
			sourceTree = "<group>";
		};
		7E00CAE62BBE876D0033A2F9 /* View */ = {
			isa = PBXGroup;
			children = (
				7E9DDFB52BBF9D3200C73D99 /* Buy View */,
				7E90476B2BC10D1400DB7516 /* Bag View */,
				7ED01C992BC287BA00387838 /* Order View */,
			);
			path = View;
			sourceTree = "<group>";
		};
		7E00CAE72BBE87740033A2F9 /* View Model */ = {
			isa = PBXGroup;
			children = (
				7EB3EEB32BCF7C6B008535A1 /* BuyViewModel.swift */,
			);
			path = "View Model";
			sourceTree = "<group>";
		};
		7E2263212BD1DB46001AD0B6 /* SwiftData */ = {
			isa = PBXGroup;
			children = (
				7E440FEF2BD4695000F740E5 /* SwiftDataService.swift */,
			);
			path = SwiftData;
			sourceTree = "<group>";
		};
		7E2263232BD1DBAE001AD0B6 /* Create Account */ = {
			isa = PBXGroup;
			children = (
				7E2263242BD1DBB8001AD0B6 /* Model */,
				7E2263252BD1DBC6001AD0B6 /* View */,
				7E2263262BD1DBD3001AD0B6 /* View Model */,
			);
			path = "Create Account";
			sourceTree = "<group>";
		};
		7E2263242BD1DBB8001AD0B6 /* Model */ = {
			isa = PBXGroup;
			children = (
				7E2263272BD1DC36001AD0B6 /* CreateUser.swift */,
			);
			path = Model;
			sourceTree = "<group>";
		};
		7E2263252BD1DBC6001AD0B6 /* View */ = {
			isa = PBXGroup;
			children = (
				7EFF52EA2BC528CB0048A61B /* CreateAnAccount.swift */,
			);
			path = View;
			sourceTree = "<group>";
		};
		7E2263262BD1DBD3001AD0B6 /* View Model */ = {
			isa = PBXGroup;
			children = (
				7E22631E2BD1D78A001AD0B6 /* CreateAnAccountViewModel.swift */,
			);
			path = "View Model";
			sourceTree = "<group>";
		};
		7E2263332BD1FB00001AD0B6 /* Login */ = {
			isa = PBXGroup;
			children = (
				7E2263342BD1FB19001AD0B6 /* Model */,
				7E2263352BD1FB20001AD0B6 /* View */,
				7E2263362BD1FB26001AD0B6 /* View Model */,
			);
			path = Login;
			sourceTree = "<group>";
		};
		7E2263342BD1FB19001AD0B6 /* Model */ = {
			isa = PBXGroup;
			children = (
				7E2263372BD1FBB1001AD0B6 /* Login.swift */,
				7EA2044C2BD378D800C8A6DF /* Token.swift */,
				7ECFD3482BD499CC00171C7C /* UserPublic.swift */,
			);
			path = Model;
			sourceTree = "<group>";
		};
		7E2263352BD1FB20001AD0B6 /* View */ = {
			isa = PBXGroup;
			children = (
				7EEAAD492BD0F1B6002963F3 /* LoginView.swift */,
			);
			path = View;
			sourceTree = "<group>";
		};
		7E2263362BD1FB26001AD0B6 /* View Model */ = {
			isa = PBXGroup;
			children = (
				7E22633A2BD1FCA8001AD0B6 /* LoginViewModel.swift */,
			);
			path = "View Model";
			sourceTree = "<group>";
		};
		7E90476B2BC10D1400DB7516 /* Bag View */ = {
			isa = PBXGroup;
			children = (
				7E90476D2BC10D3500DB7516 /* Components */,
				7E90476C2BC10D2D00DB7516 /* Utilities */,
				7E9DDFA22BBF922000C73D99 /* BagView.swift */,
			);
			path = "Bag View";
			sourceTree = "<group>";
		};
		7E90476C2BC10D2D00DB7516 /* Utilities */ = {
			isa = PBXGroup;
			children = (
				7E90476E2BC10D5100DB7516 /* BagViewTexts.swift */,
			);
			path = Utilities;
			sourceTree = "<group>";
		};
		7E90476D2BC10D3500DB7516 /* Components */ = {
			isa = PBXGroup;
			children = (
				7EFF52E42BC517450048A61B /* BagViewPopulated.swift */,
				7E9047722BC11EDA00DB7516 /* BagViewEmpty.swift */,
			);
			path = Components;
			sourceTree = "<group>";
		};
		7E9047762BC11FFD00DB7516 /* UI Components */ = {
			isa = PBXGroup;
			children = (
				7E9047742BC11F5B00DB7516 /* ItemCard.swift */,
				7E90477B2BC1210F00DB7516 /* InformationLabel.swift */,
				7E9047792BC1207B00DB7516 /* ActionButton.swift */,
				7EFF52E62BC517A00048A61B /* CancelButton.swift */,
			);
			path = "UI Components";
			sourceTree = "<group>";
		};
		7E9DDFAC2BBF952900C73D99 /* Home View */ = {
			isa = PBXGroup;
			children = (
				7E9DDFB42BBF96A900C73D99 /* Utilities */,
				7E00CAD52BBE7F4C0033A2F9 /* HomeView.swift */,
			);
			path = "Home View";
			sourceTree = "<group>";
		};
		7E9DDFAF2BBF960F00C73D99 /* Enums */ = {
			isa = PBXGroup;
			children = (
			);
			path = Enums;
			sourceTree = "<group>";
		};
		7E9DDFB42BBF96A900C73D99 /* Utilities */ = {
			isa = PBXGroup;
			children = (
				7E9DDFAD2BBF956600C73D99 /* Tab.swift */,
			);
			path = Utilities;
			sourceTree = "<group>";
		};
		7E9DDFB52BBF9D3200C73D99 /* Buy View */ = {
			isa = PBXGroup;
			children = (
				7E9DDFB92BBFA39900C73D99 /* Components */,
				7E9DDFB62BBF9D4200C73D99 /* Utilities */,
				7E9DDFA42BBF924100C73D99 /* BuyView.swift */,
			);
			path = "Buy View";
			sourceTree = "<group>";
		};
		7E9DDFB62BBF9D4200C73D99 /* Utilities */ = {
			isa = PBXGroup;
			children = (
				7E9DDFB72BBF9D6B00C73D99 /* BuyText.swift */,
			);
			path = Utilities;
			sourceTree = "<group>";
		};
		7E9DDFB92BBFA39900C73D99 /* Components */ = {
			isa = PBXGroup;
			children = (
				7E9DDFBA2BBFA3AC00C73D99 /* FreeShipping.swift */,
				7E9DDFBC2BBFAFEE00C73D99 /* CupcakeCard.swift */,
				7E9DDFBE2BBFBF3500C73D99 /* NewCupcakeHighlights.swift */,
			);
			path = Components;
			sourceTree = "<group>";
		};
		7E9DDFC02BBFC20500C73D99 /* Extensions */ = {
			isa = PBXGroup;
			children = (
				7E9DDFC12BBFC21A00C73D99 /* Double+Extension.swift */,
				7E9DDFC32BBFC6A200C73D99 /* View+Extension.swift */,
			);
			path = Extensions;
			sourceTree = "<group>";
		};
		7EA204362BD32EC600C8A6DF /* Navigation */ = {
			isa = PBXGroup;
			children = (
				7EA204372BD32ED500C8A6DF /* Navigation.swift */,
			);
			path = Navigation;
			sourceTree = "<group>";
		};
		7EA204552BD390B100C8A6DF /* Erros */ = {
			isa = PBXGroup;
			children = (
				7E22632A2BD1E4D3001AD0B6 /* AppError.swift */,
				7EA204562BD390CD00C8A6DF /* APIError.swift */,
				7EA204592BD390EF00C8A6DF /* KeychainError.swift */,
				7ECFD34C2BD4A3BA00171C7C /* SwiftDataError.swift */,
			);
			path = Erros;
			sourceTree = "<group>";
		};
		7EA2045C2BD3915A00C8A6DF /* Keychain */ = {
			isa = PBXGroup;
			children = (
				7EA204522BD37F8D00C8A6DF /* KeychainService.swift */,
			);
			path = Keychain;
			sourceTree = "<group>";
		};
		7EA204612BD3988900C8A6DF /* Model */ = {
			isa = PBXGroup;
			children = (
				7EEAAD512BD0FD73002963F3 /* User.swift */,
			);
			path = Model;
			sourceTree = "<group>";
		};
		7EA204622BD3989000C8A6DF /* View */ = {
			isa = PBXGroup;
			children = (
				7EFF52EC2BC52A6E0048A61B /* AccountView.swift */,
			);
			path = View;
			sourceTree = "<group>";
		};
		7EA204632BD3989600C8A6DF /* View Model */ = {
			isa = PBXGroup;
			children = (
				7ECFD3462BD4986600171C7C /* AccountViewModel.swift */,
			);
			path = "View Model";
			sourceTree = "<group>";
		};
		7ED01C992BC287BA00387838 /* Order View */ = {
			isa = PBXGroup;
			children = (
				7ED01C9A2BC2882D00387838 /* Components */,
				7E9DDFA82BBF937B00C73D99 /* OrderView.swift */,
			);
			path = "Order View";
			sourceTree = "<group>";
		};
		7ED01C9A2BC2882D00387838 /* Components */ = {
			isa = PBXGroup;
			children = (
				7ED01C9B2BC2883D00387838 /* ProductHighlight.swift */,
				7ED01C9D2BC2885800387838 /* SpecialRequestButton.swift */,
			);
			path = Components;
			sourceTree = "<group>";
		};
		7EEAAD332BD0EBD4002963F3 /* CupcakeCornerForAdmin */ = {
			isa = PBXGroup;
			children = (
				7EEAAD342BD0EBD4002963F3 /* CupcakeCornerForAdminApp.swift */,
				7EEAAD362BD0EBD4002963F3 /* ContentView.swift */,
				7EEAAD382BD0EBD6002963F3 /* Assets.xcassets */,
				7EEAAD3A2BD0EBD7002963F3 /* Preview Content */,
			);
			path = CupcakeCornerForAdmin;
			sourceTree = "<group>";
		};
		7EEAAD3A2BD0EBD7002963F3 /* Preview Content */ = {
			isa = PBXGroup;
			children = (
				7EEAAD3B2BD0EBD7002963F3 /* Preview Assets.xcassets */,
			);
			path = "Preview Content";
			sourceTree = "<group>";
		};
		7EEAAD402BD0ED6B002963F3 /* Common */ = {
			isa = PBXGroup;
			children = (
				7EA204552BD390B100C8A6DF /* Erros */,
				7E00CAE52BBE87660033A2F9 /* Enums */,
				7EA204362BD32EC600C8A6DF /* Navigation */,
				7EEAAD572BD0FF7B002963F3 /* Persistence */,
				7E9047762BC11FFD00DB7516 /* UI Components */,
				7EFF52E82BC528930048A61B /* Profile */,
				7E9DDFAC2BBF952900C73D99 /* Home View */,
			);
			path = Common;
			sourceTree = "<group>";
		};
		7EEAAD572BD0FF7B002963F3 /* Persistence */ = {
			isa = PBXGroup;
			children = (
				7EA2045C2BD3915A00C8A6DF /* Keychain */,
				7E2263212BD1DB46001AD0B6 /* SwiftData */,
			);
			path = Persistence;
			sourceTree = "<group>";
		};
		7EEAAD5F2BD10284002963F3 /* Account */ = {
			isa = PBXGroup;
			children = (
				7EA204612BD3988900C8A6DF /* Model */,
				7EA204622BD3989000C8A6DF /* View */,
				7EA204632BD3989600C8A6DF /* View Model */,
			);
			path = Account;
			sourceTree = "<group>";
		};
		7EFF52E82BC528930048A61B /* Profile */ = {
			isa = PBXGroup;
			children = (
				7ECFD3552BD4C89100171C7C /* PageController.swift */,
				7E9DDFA62BBF925200C73D99 /* ProfileView.swift */,
				7E2263332BD1FB00001AD0B6 /* Login */,
				7E2263232BD1DBAE001AD0B6 /* Create Account */,
				7EEAAD5F2BD10284002963F3 /* Account */,
			);
			path = Profile;
			sourceTree = "<group>";
		};
/* End PBXGroup section */

/* Begin PBXNativeTarget section */
		7E00CACF2BBE7F4C0033A2F9 /* CupcakeCorner */ = {
			isa = PBXNativeTarget;
			buildConfigurationList = 7E00CADE2BBE7F4E0033A2F9 /* Build configuration list for PBXNativeTarget "CupcakeCorner" */;
			buildPhases = (
				7E00CACC2BBE7F4C0033A2F9 /* Sources */,
				7E00CACD2BBE7F4C0033A2F9 /* Frameworks */,
				7E00CACE2BBE7F4C0033A2F9 /* Resources */,
			);
			buildRules = (
			);
			dependencies = (
			);
			name = CupcakeCorner;
			productName = CupcakeCorner;
			productReference = 7E00CAD02BBE7F4C0033A2F9 /* CupcakeCorner.app */;
			productType = "com.apple.product-type.application";
		};
		7EEAAD312BD0EBD4002963F3 /* CupcakeCornerForAdmin */ = {
			isa = PBXNativeTarget;
			buildConfigurationList = 7EEAAD3D2BD0EBD7002963F3 /* Build configuration list for PBXNativeTarget "CupcakeCornerForAdmin" */;
			buildPhases = (
				7EEAAD2E2BD0EBD4002963F3 /* Sources */,
				7EEAAD2F2BD0EBD4002963F3 /* Frameworks */,
				7EEAAD302BD0EBD4002963F3 /* Resources */,
			);
			buildRules = (
			);
			dependencies = (
			);
			name = CupcakeCornerForAdmin;
			productName = CupcakeCornerForAdmin;
			productReference = 7EEAAD322BD0EBD4002963F3 /* CupcakeCornerForAdmin.app */;
			productType = "com.apple.product-type.application";
		};
/* End PBXNativeTarget section */

/* Begin PBXProject section */
		7E00CAC82BBE7F4C0033A2F9 /* Project object */ = {
			isa = PBXProject;
			attributes = {
				BuildIndependentTargetsInParallel = 1;
				LastSwiftUpdateCheck = 1530;
				LastUpgradeCheck = 1530;
				TargetAttributes = {
					7E00CACF2BBE7F4C0033A2F9 = {
						CreatedOnToolsVersion = 15.3;
					};
					7EEAAD312BD0EBD4002963F3 = {
						CreatedOnToolsVersion = 15.3;
					};
				};
			};
			buildConfigurationList = 7E00CACB2BBE7F4C0033A2F9 /* Build configuration list for PBXProject "CupcakeCorner" */;
			compatibilityVersion = "Xcode 14.0";
			developmentRegion = en;
			hasScannedForEncodings = 0;
			knownRegions = (
				en,
				Base,
			);
			mainGroup = 7E00CAC72BBE7F4C0033A2F9;
			productRefGroup = 7E00CAD12BBE7F4C0033A2F9 /* Products */;
			projectDirPath = "";
			projectRoot = "";
			targets = (
				7E00CACF2BBE7F4C0033A2F9 /* CupcakeCorner */,
				7EEAAD312BD0EBD4002963F3 /* CupcakeCornerForAdmin */,
			);
		};
/* End PBXProject section */

/* Begin PBXResourcesBuildPhase section */
		7E00CACE2BBE7F4C0033A2F9 /* Resources */ = {
			isa = PBXResourcesBuildPhase;
			buildActionMask = 2147483647;
			files = (
				7E00CAE32BBE81B00033A2F9 /* LICENSE in Resources */,
				7E00CADB2BBE7F4E0033A2F9 /* Preview Assets.xcassets in Resources */,
				7E00CAE42BBE81B00033A2F9 /* README.md in Resources */,
				7E00CAD82BBE7F4E0033A2F9 /* Assets.xcassets in Resources */,
			);
			runOnlyForDeploymentPostprocessing = 0;
		};
		7EEAAD302BD0EBD4002963F3 /* Resources */ = {
			isa = PBXResourcesBuildPhase;
			buildActionMask = 2147483647;
			files = (
				7EEAAD3C2BD0EBD7002963F3 /* Preview Assets.xcassets in Resources */,
				7EEAAD392BD0EBD7002963F3 /* Assets.xcassets in Resources */,
			);
			runOnlyForDeploymentPostprocessing = 0;
		};
/* End PBXResourcesBuildPhase section */

/* Begin PBXSourcesBuildPhase section */
		7E00CACC2BBE7F4C0033A2F9 /* Sources */ = {
			isa = PBXSourcesBuildPhase;
			buildActionMask = 2147483647;
			files = (
				7ECFD3472BD4986600171C7C /* AccountViewModel.swift in Sources */,
				7E00CAD62BBE7F4C0033A2F9 /* HomeView.swift in Sources */,
				7EEAAD4A2BD0F1B6002963F3 /* LoginView.swift in Sources */,
				7E9DDFA32BBF922000C73D99 /* BagView.swift in Sources */,
				7E440FF02BD4695000F740E5 /* SwiftDataService.swift in Sources */,
				7E22631C2BD1D325001AD0B6 /* PaymentMethod.swift in Sources */,
				7E22632B2BD1E4D3001AD0B6 /* AppError.swift in Sources */,
				7E90477C2BC1210F00DB7516 /* InformationLabel.swift in Sources */,
				7EFF52ED2BC52A6E0048A61B /* AccountView.swift in Sources */,
				7ECFD3492BD499CC00171C7C /* UserPublic.swift in Sources */,
				7E9DDFC22BBFC21A00C73D99 /* Double+Extension.swift in Sources */,
				7EA204382BD32ED500C8A6DF /* Navigation.swift in Sources */,
				7EA204532BD37F8D00C8A6DF /* KeychainService.swift in Sources */,
				7ECFD3562BD4C89100171C7C /* PageController.swift in Sources */,
				7E9DDFA72BBF925200C73D99 /* ProfileView.swift in Sources */,
				7EEAAD522BD0FD73002963F3 /* User.swift in Sources */,
				7E2263282BD1DC36001AD0B6 /* CreateUser.swift in Sources */,
				7ED01C9E2BC2885800387838 /* SpecialRequestButton.swift in Sources */,
				7E9DDFB32BBF962C00C73D99 /* Icon.swift in Sources */,
				7EA2045A2BD390EF00C8A6DF /* KeychainError.swift in Sources */,
				7E9DDFAE2BBF956600C73D99 /* Tab.swift in Sources */,
				7E2263382BD1FBB1001AD0B6 /* Login.swift in Sources */,
				7EFF52E72BC517A00048A61B /* CancelButton.swift in Sources */,
				7E22631F2BD1D78A001AD0B6 /* CreateAnAccountViewModel.swift in Sources */,
				7E9DDFC42BBFC6A200C73D99 /* View+Extension.swift in Sources */,
				7EA204572BD390CD00C8A6DF /* APIError.swift in Sources */,
				7E9DDFBF2BBFBF3500C73D99 /* NewCupcakeHighlights.swift in Sources */,
				7ECFD34D2BD4A3BA00171C7C /* SwiftDataError.swift in Sources */,
				7EA2044D2BD378D800C8A6DF /* Token.swift in Sources */,
				7EA2044A2BD3733300C8A6DF /* HTTPHeaderField.swift in Sources */,
				7ED01C9C2BC2883D00387838 /* ProductHighlight.swift in Sources */,
				7EA2045E2BD3938300C8A6DF /* Keys.swift in Sources */,
				7E9DDFBD2BBFAFEE00C73D99 /* CupcakeCard.swift in Sources */,
				7EA204472BD372E200C8A6DF /* HTTPMethod.swift in Sources */,
				7EFF52EB2BC528CB0048A61B /* CreateAnAccount.swift in Sources */,
				7E22632E2BD1F32A001AD0B6 /* ViewState.swift in Sources */,
				7EB3EEB42BCF7C6B008535A1 /* BuyViewModel.swift in Sources */,
				7E90476F2BC10D5100DB7516 /* BagViewTexts.swift in Sources */,
				7E9DDFB82BBF9D6B00C73D99 /* BuyText.swift in Sources */,
				7E9DDFA92BBF937B00C73D99 /* OrderView.swift in Sources */,
				7E00CAD42BBE7F4C0033A2F9 /* CupcakeCornerApp.swift in Sources */,
				7E22633B2BD1FCA8001AD0B6 /* LoginViewModel.swift in Sources */,
				7ECFD35B2BD4CD6C00171C7C /* NamespaceKey.swift in Sources */,
				7EA204502BD37D3D00C8A6DF /* AuthorizationHeader.swift in Sources */,
				7E9DDFA52BBF924100C73D99 /* BuyView.swift in Sources */,
				7EEAAD552BD0FDED002963F3 /* Role.swift in Sources */,
				7E9047752BC11F5B00DB7516 /* ItemCard.swift in Sources */,
				7EFF52E52BC517450048A61B /* BagViewPopulated.swift in Sources */,
				7E9DDFBB2BBFA3AC00C73D99 /* FreeShipping.swift in Sources */,
				7E9047732BC11EDA00DB7516 /* BagViewEmpty.swift in Sources */,
				7E90477A2BC1207B00DB7516 /* ActionButton.swift in Sources */,
			);
			runOnlyForDeploymentPostprocessing = 0;
		};
		7EEAAD2E2BD0EBD4002963F3 /* Sources */ = {
			isa = PBXSourcesBuildPhase;
			buildActionMask = 2147483647;
			files = (
				7EA2043D2BD337A700C8A6DF /* InformationLabel.swift in Sources */,
				7E22631D2BD1D325001AD0B6 /* PaymentMethod.swift in Sources */,
				7EEAAD372BD0EBD4002963F3 /* ContentView.swift in Sources */,
				7EEAAD4B2BD0F1B6002963F3 /* LoginView.swift in Sources */,
				7EEAAD352BD0EBD4002963F3 /* CupcakeCornerForAdminApp.swift in Sources */,
				7E2263302BD1F8CA001AD0B6 /* CreateAnAccount.swift in Sources */,
				7EEAAD4C2BD0F5F3002963F3 /* ActionButton.swift in Sources */,
				7EA2043F2BD337BE00C8A6DF /* Navigation.swift in Sources */,
				7ECFD34A2BD49B1D00171C7C /* UserPublic.swift in Sources */,
				7E2263202BD1D78A001AD0B6 /* CreateAnAccountViewModel.swift in Sources */,
				7EA2044E2BD378D800C8A6DF /* Token.swift in Sources */,
				7EA2044B2BD3733300C8A6DF /* HTTPHeaderField.swift in Sources */,
				7EA2045F2BD3938300C8A6DF /* Keys.swift in Sources */,
				7E22632C2BD1E4D3001AD0B6 /* AppError.swift in Sources */,
				7E22633C2BD1FCA8001AD0B6 /* LoginViewModel.swift in Sources */,
				7EEAAD532BD0FD73002963F3 /* User.swift in Sources */,
				7EA2045B2BD390EF00C8A6DF /* KeychainError.swift in Sources */,
				7ECFD3522BD4ACA300171C7C /* CupcakeCard.swift in Sources */,
				7EA2043C2BD3379300C8A6DF /* Icon.swift in Sources */,
				7ECFD3512BD4ACA000171C7C /* FreeShipping.swift in Sources */,
				7ECFD34F2BD4A94F00171C7C /* SwiftDataError.swift in Sources */,
				7EA204412BD342A000C8A6DF /* Double+Extension.swift in Sources */,
				7E26AE182BD7690500036AD0 /* PageController.swift in Sources */,
				7EA2043E2BD337AB00C8A6DF /* ItemCard.swift in Sources */,
				7E22632F2BD1F32A001AD0B6 /* ViewState.swift in Sources */,
				7EEAAD562BD0FDED002963F3 /* Role.swift in Sources */,
				7EA204402BD3429C00C8A6DF /* View+Extension.swift in Sources */,
				7EA204512BD37D3D00C8A6DF /* AuthorizationHeader.swift in Sources */,
				7EA204482BD372E200C8A6DF /* HTTPMethod.swift in Sources */,
				7E2263292BD1DC36001AD0B6 /* CreateUser.swift in Sources */,
				7ECFD34B2BD49C2900171C7C /* SwiftDataService.swift in Sources */,
				7EA204582BD390CD00C8A6DF /* APIError.swift in Sources */,
				7ECFD3532BD4ACA600171C7C /* NewCupcakeHighlights.swift in Sources */,
				7EA204542BD37F8D00C8A6DF /* KeychainService.swift in Sources */,
				7ECFD3502BD4AC9300171C7C /* BuyView.swift in Sources */,
				7E2263312BD1F8EB001AD0B6 /* CancelButton.swift in Sources */,
				7ECFD3452BD497FB00171C7C /* AccountView.swift in Sources */,
				7E26AE172BD768DE00036AD0 /* NamespaceKey.swift in Sources */,
				7ECFD3542BD4ACDD00171C7C /* BuyText.swift in Sources */,
				7ECFD34E2BD4A93400171C7C /* AccountViewModel.swift in Sources */,
				7E26AE162BD768C700036AD0 /* ProfileView.swift in Sources */,
				7E2263392BD1FBB1001AD0B6 /* Login.swift in Sources */,
			);
			runOnlyForDeploymentPostprocessing = 0;
		};
/* End PBXSourcesBuildPhase section */

/* Begin XCBuildConfiguration section */
		7E00CADC2BBE7F4E0033A2F9 /* Debug */ = {
			isa = XCBuildConfiguration;
			buildSettings = {
				ALWAYS_SEARCH_USER_PATHS = NO;
				ASSETCATALOG_COMPILER_GENERATE_SWIFT_ASSET_SYMBOL_EXTENSIONS = YES;
				CLANG_ANALYZER_NONNULL = YES;
				CLANG_ANALYZER_NUMBER_OBJECT_CONVERSION = YES_AGGRESSIVE;
				CLANG_CXX_LANGUAGE_STANDARD = "gnu++20";
				CLANG_ENABLE_MODULES = YES;
				CLANG_ENABLE_OBJC_ARC = YES;
				CLANG_ENABLE_OBJC_WEAK = YES;
				CLANG_WARN_BLOCK_CAPTURE_AUTORELEASING = YES;
				CLANG_WARN_BOOL_CONVERSION = YES;
				CLANG_WARN_COMMA = YES;
				CLANG_WARN_CONSTANT_CONVERSION = YES;
				CLANG_WARN_DEPRECATED_OBJC_IMPLEMENTATIONS = YES;
				CLANG_WARN_DIRECT_OBJC_ISA_USAGE = YES_ERROR;
				CLANG_WARN_DOCUMENTATION_COMMENTS = YES;
				CLANG_WARN_EMPTY_BODY = YES;
				CLANG_WARN_ENUM_CONVERSION = YES;
				CLANG_WARN_INFINITE_RECURSION = YES;
				CLANG_WARN_INT_CONVERSION = YES;
				CLANG_WARN_NON_LITERAL_NULL_CONVERSION = YES;
				CLANG_WARN_OBJC_IMPLICIT_RETAIN_SELF = YES;
				CLANG_WARN_OBJC_LITERAL_CONVERSION = YES;
				CLANG_WARN_OBJC_ROOT_CLASS = YES_ERROR;
				CLANG_WARN_QUOTED_INCLUDE_IN_FRAMEWORK_HEADER = YES;
				CLANG_WARN_RANGE_LOOP_ANALYSIS = YES;
				CLANG_WARN_STRICT_PROTOTYPES = YES;
				CLANG_WARN_SUSPICIOUS_MOVE = YES;
				CLANG_WARN_UNGUARDED_AVAILABILITY = YES_AGGRESSIVE;
				CLANG_WARN_UNREACHABLE_CODE = YES;
				CLANG_WARN__DUPLICATE_METHOD_MATCH = YES;
				COPY_PHASE_STRIP = NO;
				DEBUG_INFORMATION_FORMAT = dwarf;
				ENABLE_STRICT_OBJC_MSGSEND = YES;
				ENABLE_TESTABILITY = YES;
				ENABLE_USER_SCRIPT_SANDBOXING = YES;
				GCC_C_LANGUAGE_STANDARD = gnu17;
				GCC_DYNAMIC_NO_PIC = NO;
				GCC_NO_COMMON_BLOCKS = YES;
				GCC_OPTIMIZATION_LEVEL = 0;
				GCC_PREPROCESSOR_DEFINITIONS = (
					"DEBUG=1",
					"$(inherited)",
				);
				GCC_WARN_64_TO_32_BIT_CONVERSION = YES;
				GCC_WARN_ABOUT_RETURN_TYPE = YES_ERROR;
				GCC_WARN_UNDECLARED_SELECTOR = YES;
				GCC_WARN_UNINITIALIZED_AUTOS = YES_AGGRESSIVE;
				GCC_WARN_UNUSED_FUNCTION = YES;
				GCC_WARN_UNUSED_VARIABLE = YES;
				IPHONEOS_DEPLOYMENT_TARGET = 17.4;
				LOCALIZATION_PREFERS_STRING_CATALOGS = YES;
				MTL_ENABLE_DEBUG_INFO = INCLUDE_SOURCE;
				MTL_FAST_MATH = YES;
				ONLY_ACTIVE_ARCH = YES;
				SDKROOT = iphoneos;
				SWIFT_ACTIVE_COMPILATION_CONDITIONS = "DEBUG $(inherited)";
				SWIFT_OPTIMIZATION_LEVEL = "-Onone";
			};
			name = Debug;
		};
		7E00CADD2BBE7F4E0033A2F9 /* Release */ = {
			isa = XCBuildConfiguration;
			buildSettings = {
				ALWAYS_SEARCH_USER_PATHS = NO;
				ASSETCATALOG_COMPILER_GENERATE_SWIFT_ASSET_SYMBOL_EXTENSIONS = YES;
				CLANG_ANALYZER_NONNULL = YES;
				CLANG_ANALYZER_NUMBER_OBJECT_CONVERSION = YES_AGGRESSIVE;
				CLANG_CXX_LANGUAGE_STANDARD = "gnu++20";
				CLANG_ENABLE_MODULES = YES;
				CLANG_ENABLE_OBJC_ARC = YES;
				CLANG_ENABLE_OBJC_WEAK = YES;
				CLANG_WARN_BLOCK_CAPTURE_AUTORELEASING = YES;
				CLANG_WARN_BOOL_CONVERSION = YES;
				CLANG_WARN_COMMA = YES;
				CLANG_WARN_CONSTANT_CONVERSION = YES;
				CLANG_WARN_DEPRECATED_OBJC_IMPLEMENTATIONS = YES;
				CLANG_WARN_DIRECT_OBJC_ISA_USAGE = YES_ERROR;
				CLANG_WARN_DOCUMENTATION_COMMENTS = YES;
				CLANG_WARN_EMPTY_BODY = YES;
				CLANG_WARN_ENUM_CONVERSION = YES;
				CLANG_WARN_INFINITE_RECURSION = YES;
				CLANG_WARN_INT_CONVERSION = YES;
				CLANG_WARN_NON_LITERAL_NULL_CONVERSION = YES;
				CLANG_WARN_OBJC_IMPLICIT_RETAIN_SELF = YES;
				CLANG_WARN_OBJC_LITERAL_CONVERSION = YES;
				CLANG_WARN_OBJC_ROOT_CLASS = YES_ERROR;
				CLANG_WARN_QUOTED_INCLUDE_IN_FRAMEWORK_HEADER = YES;
				CLANG_WARN_RANGE_LOOP_ANALYSIS = YES;
				CLANG_WARN_STRICT_PROTOTYPES = YES;
				CLANG_WARN_SUSPICIOUS_MOVE = YES;
				CLANG_WARN_UNGUARDED_AVAILABILITY = YES_AGGRESSIVE;
				CLANG_WARN_UNREACHABLE_CODE = YES;
				CLANG_WARN__DUPLICATE_METHOD_MATCH = YES;
				COPY_PHASE_STRIP = NO;
				DEBUG_INFORMATION_FORMAT = "dwarf-with-dsym";
				ENABLE_NS_ASSERTIONS = NO;
				ENABLE_STRICT_OBJC_MSGSEND = YES;
				ENABLE_USER_SCRIPT_SANDBOXING = YES;
				GCC_C_LANGUAGE_STANDARD = gnu17;
				GCC_NO_COMMON_BLOCKS = YES;
				GCC_WARN_64_TO_32_BIT_CONVERSION = YES;
				GCC_WARN_ABOUT_RETURN_TYPE = YES_ERROR;
				GCC_WARN_UNDECLARED_SELECTOR = YES;
				GCC_WARN_UNINITIALIZED_AUTOS = YES_AGGRESSIVE;
				GCC_WARN_UNUSED_FUNCTION = YES;
				GCC_WARN_UNUSED_VARIABLE = YES;
				IPHONEOS_DEPLOYMENT_TARGET = 17.4;
				LOCALIZATION_PREFERS_STRING_CATALOGS = YES;
				MTL_ENABLE_DEBUG_INFO = NO;
				MTL_FAST_MATH = YES;
				SDKROOT = iphoneos;
				SWIFT_COMPILATION_MODE = wholemodule;
				VALIDATE_PRODUCT = YES;
			};
			name = Release;
		};
		7E00CADF2BBE7F4E0033A2F9 /* Debug */ = {
			isa = XCBuildConfiguration;
			buildSettings = {
				ASSETCATALOG_COMPILER_APPICON_NAME = AppIcon;
				ASSETCATALOG_COMPILER_GLOBAL_ACCENT_COLOR_NAME = AccentColor;
				CODE_SIGN_STYLE = Automatic;
				CURRENT_PROJECT_VERSION = 1;
				DEVELOPMENT_ASSET_PATHS = "\"CupcakeCorner/Preview Content\"";
				DEVELOPMENT_TEAM = 9798UJJCY4;
				ENABLE_PREVIEWS = YES;
				GENERATE_INFOPLIST_FILE = YES;
				INFOPLIST_KEY_UIApplicationSceneManifest_Generation = YES;
				INFOPLIST_KEY_UIApplicationSupportsIndirectInputEvents = YES;
				INFOPLIST_KEY_UILaunchScreen_Generation = YES;
				INFOPLIST_KEY_UISupportedInterfaceOrientations_iPad = "UIInterfaceOrientationPortrait UIInterfaceOrientationPortraitUpsideDown UIInterfaceOrientationLandscapeLeft UIInterfaceOrientationLandscapeRight";
				INFOPLIST_KEY_UISupportedInterfaceOrientations_iPhone = "UIInterfaceOrientationPortrait UIInterfaceOrientationLandscapeLeft UIInterfaceOrientationLandscapeRight";
				LD_RUNPATH_SEARCH_PATHS = (
					"$(inherited)",
					"@executable_path/Frameworks",
				);
				MARKETING_VERSION = 1.0;
				OTHER_SWIFT_FLAGS = "-DCLIENT";
				PRODUCT_BUNDLE_IDENTIFIER = Isaque.CupcakeCorner;
				PRODUCT_NAME = "$(TARGET_NAME)";
				SWIFT_EMIT_LOC_STRINGS = YES;
				SWIFT_VERSION = 5.0;
				TARGETED_DEVICE_FAMILY = "1,2";
			};
			name = Debug;
		};
		7E00CAE02BBE7F4E0033A2F9 /* Release */ = {
			isa = XCBuildConfiguration;
			buildSettings = {
				ASSETCATALOG_COMPILER_APPICON_NAME = AppIcon;
				ASSETCATALOG_COMPILER_GLOBAL_ACCENT_COLOR_NAME = AccentColor;
				CODE_SIGN_STYLE = Automatic;
				CURRENT_PROJECT_VERSION = 1;
				DEVELOPMENT_ASSET_PATHS = "\"CupcakeCorner/Preview Content\"";
				DEVELOPMENT_TEAM = 9798UJJCY4;
				ENABLE_PREVIEWS = YES;
				GENERATE_INFOPLIST_FILE = YES;
				INFOPLIST_KEY_UIApplicationSceneManifest_Generation = YES;
				INFOPLIST_KEY_UIApplicationSupportsIndirectInputEvents = YES;
				INFOPLIST_KEY_UILaunchScreen_Generation = YES;
				INFOPLIST_KEY_UISupportedInterfaceOrientations_iPad = "UIInterfaceOrientationPortrait UIInterfaceOrientationPortraitUpsideDown UIInterfaceOrientationLandscapeLeft UIInterfaceOrientationLandscapeRight";
				INFOPLIST_KEY_UISupportedInterfaceOrientations_iPhone = "UIInterfaceOrientationPortrait UIInterfaceOrientationLandscapeLeft UIInterfaceOrientationLandscapeRight";
				LD_RUNPATH_SEARCH_PATHS = (
					"$(inherited)",
					"@executable_path/Frameworks",
				);
				MARKETING_VERSION = 1.0;
				OTHER_SWIFT_FLAGS = "-DCLIENT";
				PRODUCT_BUNDLE_IDENTIFIER = Isaque.CupcakeCorner;
				PRODUCT_NAME = "$(TARGET_NAME)";
				SWIFT_EMIT_LOC_STRINGS = YES;
				SWIFT_VERSION = 5.0;
				TARGETED_DEVICE_FAMILY = "1,2";
			};
			name = Release;
		};
		7EEAAD3E2BD0EBD7002963F3 /* Debug */ = {
			isa = XCBuildConfiguration;
			buildSettings = {
				ASSETCATALOG_COMPILER_APPICON_NAME = AppIcon;
				ASSETCATALOG_COMPILER_GLOBAL_ACCENT_COLOR_NAME = AccentColor;
				CODE_SIGN_STYLE = Automatic;
				CURRENT_PROJECT_VERSION = 1;
				DEVELOPMENT_ASSET_PATHS = "\"CupcakeCornerForAdmin/Preview Content\"";
				DEVELOPMENT_TEAM = 9798UJJCY4;
				ENABLE_PREVIEWS = YES;
				GENERATE_INFOPLIST_FILE = YES;
				INFOPLIST_KEY_UIApplicationSceneManifest_Generation = YES;
				INFOPLIST_KEY_UIApplicationSupportsIndirectInputEvents = YES;
				INFOPLIST_KEY_UILaunchScreen_Generation = YES;
				INFOPLIST_KEY_UISupportedInterfaceOrientations_iPad = "UIInterfaceOrientationPortrait UIInterfaceOrientationPortraitUpsideDown UIInterfaceOrientationLandscapeLeft UIInterfaceOrientationLandscapeRight";
				INFOPLIST_KEY_UISupportedInterfaceOrientations_iPhone = "UIInterfaceOrientationPortrait UIInterfaceOrientationLandscapeLeft UIInterfaceOrientationLandscapeRight";
				LD_RUNPATH_SEARCH_PATHS = (
					"$(inherited)",
					"@executable_path/Frameworks",
				);
				MARKETING_VERSION = 1.0;
				OTHER_SWIFT_FLAGS = "-DADMIN";
				PRODUCT_BUNDLE_IDENTIFIER = Isaque.CupcakeCornerForAdmin;
				PRODUCT_NAME = "$(TARGET_NAME)";
				SWIFT_EMIT_LOC_STRINGS = YES;
				SWIFT_VERSION = 5.0;
				TARGETED_DEVICE_FAMILY = "1,2";
			};
			name = Debug;
		};
		7EEAAD3F2BD0EBD7002963F3 /* Release */ = {
			isa = XCBuildConfiguration;
			buildSettings = {
				ASSETCATALOG_COMPILER_APPICON_NAME = AppIcon;
				ASSETCATALOG_COMPILER_GLOBAL_ACCENT_COLOR_NAME = AccentColor;
				CODE_SIGN_STYLE = Automatic;
				CURRENT_PROJECT_VERSION = 1;
				DEVELOPMENT_ASSET_PATHS = "\"CupcakeCornerForAdmin/Preview Content\"";
				DEVELOPMENT_TEAM = 9798UJJCY4;
				ENABLE_PREVIEWS = YES;
				GENERATE_INFOPLIST_FILE = YES;
				INFOPLIST_KEY_UIApplicationSceneManifest_Generation = YES;
				INFOPLIST_KEY_UIApplicationSupportsIndirectInputEvents = YES;
				INFOPLIST_KEY_UILaunchScreen_Generation = YES;
				INFOPLIST_KEY_UISupportedInterfaceOrientations_iPad = "UIInterfaceOrientationPortrait UIInterfaceOrientationPortraitUpsideDown UIInterfaceOrientationLandscapeLeft UIInterfaceOrientationLandscapeRight";
				INFOPLIST_KEY_UISupportedInterfaceOrientations_iPhone = "UIInterfaceOrientationPortrait UIInterfaceOrientationLandscapeLeft UIInterfaceOrientationLandscapeRight";
				LD_RUNPATH_SEARCH_PATHS = (
					"$(inherited)",
					"@executable_path/Frameworks",
				);
				MARKETING_VERSION = 1.0;
				OTHER_SWIFT_FLAGS = "-DADMIN";
				PRODUCT_BUNDLE_IDENTIFIER = Isaque.CupcakeCornerForAdmin;
				PRODUCT_NAME = "$(TARGET_NAME)";
				SWIFT_EMIT_LOC_STRINGS = YES;
				SWIFT_VERSION = 5.0;
				TARGETED_DEVICE_FAMILY = "1,2";
			};
			name = Release;
		};
/* End XCBuildConfiguration section */

/* Begin XCConfigurationList section */
		7E00CACB2BBE7F4C0033A2F9 /* Build configuration list for PBXProject "CupcakeCorner" */ = {
			isa = XCConfigurationList;
			buildConfigurations = (
				7E00CADC2BBE7F4E0033A2F9 /* Debug */,
				7E00CADD2BBE7F4E0033A2F9 /* Release */,
			);
			defaultConfigurationIsVisible = 0;
			defaultConfigurationName = Release;
		};
		7E00CADE2BBE7F4E0033A2F9 /* Build configuration list for PBXNativeTarget "CupcakeCorner" */ = {
			isa = XCConfigurationList;
			buildConfigurations = (
				7E00CADF2BBE7F4E0033A2F9 /* Debug */,
				7E00CAE02BBE7F4E0033A2F9 /* Release */,
			);
			defaultConfigurationIsVisible = 0;
			defaultConfigurationName = Release;
		};
		7EEAAD3D2BD0EBD7002963F3 /* Build configuration list for PBXNativeTarget "CupcakeCornerForAdmin" */ = {
			isa = XCConfigurationList;
			buildConfigurations = (
				7EEAAD3E2BD0EBD7002963F3 /* Debug */,
				7EEAAD3F2BD0EBD7002963F3 /* Release */,
			);
			defaultConfigurationIsVisible = 0;
			defaultConfigurationName = Release;
		};
/* End XCConfigurationList section */
	};
	rootObject = 7E00CAC82BBE7F4C0033A2F9 /* Project object */;
}
