// !$*UTF8*$!
{
	archiveVersion = 1;
	classes = {
	};
	objectVersion = 56;
	objects = {

/* Begin PBXBuildFile section */
		7E00CAD42BBE7F4C0033A2F9 /* CupcakeCornerApp.swift in Sources */ = {isa = PBXBuildFile; fileRef = 7E00CAD32BBE7F4C0033A2F9 /* CupcakeCornerApp.swift */; };
		7E00CAD62BBE7F4C0033A2F9 /* HomeView.swift in Sources */ = {isa = PBXBuildFile; fileRef = 7E00CAD52BBE7F4C0033A2F9 /* HomeView.swift */; };
		7E00CAD82BBE7F4E0033A2F9 /* Assets.xcassets in Resources */ = {isa = PBXBuildFile; fileRef = 7E00CAD72BBE7F4E0033A2F9 /* Assets.xcassets */; };
		7E00CADB2BBE7F4E0033A2F9 /* Preview Assets.xcassets in Resources */ = {isa = PBXBuildFile; fileRef = 7E00CADA2BBE7F4E0033A2F9 /* Preview Assets.xcassets */; };
		7E00CAE32BBE81B00033A2F9 /* LICENSE in Resources */ = {isa = PBXBuildFile; fileRef = 7E00CAE12BBE81B00033A2F9 /* LICENSE */; };
		7E00CAE42BBE81B00033A2F9 /* README.md in Resources */ = {isa = PBXBuildFile; fileRef = 7E00CAE22BBE81B00033A2F9 /* README.md */; };
		7E22631C2BD1D325001AD0B6 /* PaymentMethod.swift in Sources */ = {isa = PBXBuildFile; fileRef = 7E22631B2BD1D325001AD0B6 /* PaymentMethod.swift */; };
		7E22631D2BD1D325001AD0B6 /* PaymentMethod.swift in Sources */ = {isa = PBXBuildFile; fileRef = 7E22631B2BD1D325001AD0B6 /* PaymentMethod.swift */; };
		7E22631F2BD1D78A001AD0B6 /* CreateAnAccountViewModel.swift in Sources */ = {isa = PBXBuildFile; fileRef = 7E22631E2BD1D78A001AD0B6 /* CreateAnAccountViewModel.swift */; };
		7E2263202BD1D78A001AD0B6 /* CreateAnAccountViewModel.swift in Sources */ = {isa = PBXBuildFile; fileRef = 7E22631E2BD1D78A001AD0B6 /* CreateAnAccountViewModel.swift */; };
		7E22632B2BD1E4D3001AD0B6 /* AppAlert.swift in Sources */ = {isa = PBXBuildFile; fileRef = 7E22632A2BD1E4D3001AD0B6 /* AppAlert.swift */; };
		7E22632C2BD1E4D3001AD0B6 /* AppAlert.swift in Sources */ = {isa = PBXBuildFile; fileRef = 7E22632A2BD1E4D3001AD0B6 /* AppAlert.swift */; };
		7E22632E2BD1F32A001AD0B6 /* ViewState.swift in Sources */ = {isa = PBXBuildFile; fileRef = 7E22632D2BD1F32A001AD0B6 /* ViewState.swift */; };
		7E22632F2BD1F32A001AD0B6 /* ViewState.swift in Sources */ = {isa = PBXBuildFile; fileRef = 7E22632D2BD1F32A001AD0B6 /* ViewState.swift */; };
		7E2263302BD1F8CA001AD0B6 /* CreateAnAccount.swift in Sources */ = {isa = PBXBuildFile; fileRef = 7EFF52EA2BC528CB0048A61B /* CreateAnAccount.swift */; };
		7E2263382BD1FBB1001AD0B6 /* Login.swift in Sources */ = {isa = PBXBuildFile; fileRef = 7E2263372BD1FBB1001AD0B6 /* Login.swift */; };
		7E2263392BD1FBB1001AD0B6 /* Login.swift in Sources */ = {isa = PBXBuildFile; fileRef = 7E2263372BD1FBB1001AD0B6 /* Login.swift */; };
		7E22633B2BD1FCA8001AD0B6 /* LoginViewModel.swift in Sources */ = {isa = PBXBuildFile; fileRef = 7E22633A2BD1FCA8001AD0B6 /* LoginViewModel.swift */; };
		7E22633C2BD1FCA8001AD0B6 /* LoginViewModel.swift in Sources */ = {isa = PBXBuildFile; fileRef = 7E22633A2BD1FCA8001AD0B6 /* LoginViewModel.swift */; };
		7E26AE162BD768C700036AD0 /* ProfileView.swift in Sources */ = {isa = PBXBuildFile; fileRef = 7E9DDFA62BBF925200C73D99 /* ProfileView.swift */; };
		7E26AE172BD768DE00036AD0 /* NamespaceKey.swift in Sources */ = {isa = PBXBuildFile; fileRef = 7ECFD35A2BD4CD6C00171C7C /* NamespaceKey.swift */; };
		7E26AE182BD7690500036AD0 /* PageController.swift in Sources */ = {isa = PBXBuildFile; fileRef = 7ECFD3552BD4C89100171C7C /* PageController.swift */; };
		7E26FDAD2BDB393C00D1C5FA /* CupcakeViewModel.swift in Sources */ = {isa = PBXBuildFile; fileRef = 7E26FDAC2BDB393C00D1C5FA /* CupcakeViewModel.swift */; };
		7E26FDAF2BDB397700D1C5FA /* Cupcake.swift in Sources */ = {isa = PBXBuildFile; fileRef = 7E26FDAE2BDB397700D1C5FA /* Cupcake.swift */; };
		7E26FDBC2BDB724E00D1C5FA /* OrderViewModel.swift in Sources */ = {isa = PBXBuildFile; fileRef = 7E26FDBB2BDB724E00D1C5FA /* OrderViewModel.swift */; };
		7E287EF22BD890B80052438E /* BagView.swift in Sources */ = {isa = PBXBuildFile; fileRef = 7E9DDFA22BBF922000C73D99 /* BagView.swift */; };
		7E287EF32BD890C10052438E /* BagViewTexts.swift in Sources */ = {isa = PBXBuildFile; fileRef = 7E90476E2BC10D5100DB7516 /* BagViewTexts.swift */; };
		7E287EF42BD890C50052438E /* BagViewPopulated.swift in Sources */ = {isa = PBXBuildFile; fileRef = 7EFF52E42BC517450048A61B /* BagViewPopulated.swift */; };
		7E287EF52BD890C80052438E /* BagViewEmpty.swift in Sources */ = {isa = PBXBuildFile; fileRef = 7E9047722BC11EDA00DB7516 /* BagViewEmpty.swift */; };
		7E287EFA2BD8915D0052438E /* Order.swift in Sources */ = {isa = PBXBuildFile; fileRef = 7E287EF92BD8915D0052438E /* Order.swift */; };
		7E287EFC2BD892C50052438E /* Status.swift in Sources */ = {isa = PBXBuildFile; fileRef = 7E287EFB2BD892C50052438E /* Status.swift */; };
		7E287EFE2BD89A620052438E /* BagViewModel.swift in Sources */ = {isa = PBXBuildFile; fileRef = 7E287EFD2BD89A620052438E /* BagViewModel.swift */; };
		7E287EFF2BD89A620052438E /* BagViewModel.swift in Sources */ = {isa = PBXBuildFile; fileRef = 7E287EFD2BD89A620052438E /* BagViewModel.swift */; };
		7E287F032BD8A0CE0052438E /* ApplicationType.swift in Sources */ = {isa = PBXBuildFile; fileRef = 7E287F022BD8A0CE0052438E /* ApplicationType.swift */; };
		7E287F042BD8A0CE0052438E /* ApplicationType.swift in Sources */ = {isa = PBXBuildFile; fileRef = 7E287F022BD8A0CE0052438E /* ApplicationType.swift */; };
		7E287F0A2BD8B06F0052438E /* NetworkService.swift in Sources */ = {isa = PBXBuildFile; fileRef = 7E287F092BD8B06F0052438E /* NetworkService.swift */; };
		7E287F0B2BD8B06F0052438E /* NetworkService.swift in Sources */ = {isa = PBXBuildFile; fileRef = 7E287F092BD8B06F0052438E /* NetworkService.swift */; };
		7E287F0D2BD8C1540052438E /* Values.swift in Sources */ = {isa = PBXBuildFile; fileRef = 7E287F0C2BD8C1540052438E /* Values.swift */; };
		7E287F0E2BD8C1540052438E /* Values.swift in Sources */ = {isa = PBXBuildFile; fileRef = 7E287F0C2BD8C1540052438E /* Values.swift */; };
		7E287F102BD8C16A0052438E /* URLSessionType.swift in Sources */ = {isa = PBXBuildFile; fileRef = 7E287F0F2BD8C16A0052438E /* URLSessionType.swift */; };
		7E287F112BD8C16A0052438E /* URLSessionType.swift in Sources */ = {isa = PBXBuildFile; fileRef = 7E287F0F2BD8C16A0052438E /* URLSessionType.swift */; };
		7E48E2E82C01808800E11BEE /* CacheStore.xcdatamodeld in Sources */ = {isa = PBXBuildFile; fileRef = 7E48E2E62C01808800E11BEE /* CacheStore.xcdatamodeld */; };
		7E48E2E92C01808800E11BEE /* CacheStore.xcdatamodeld in Sources */ = {isa = PBXBuildFile; fileRef = 7E48E2E62C01808800E11BEE /* CacheStore.xcdatamodeld */; };
		7E48E2EE2C01825200E11BEE /* Cupcake+CoreDataClass.swift in Sources */ = {isa = PBXBuildFile; fileRef = 7E48E2EA2C01825200E11BEE /* Cupcake+CoreDataClass.swift */; };
		7E48E2EF2C01825200E11BEE /* Cupcake+CoreDataProperties.swift in Sources */ = {isa = PBXBuildFile; fileRef = 7E48E2EB2C01825200E11BEE /* Cupcake+CoreDataProperties.swift */; };
		7E48E2F02C01825200E11BEE /* User+CoreDataClass.swift in Sources */ = {isa = PBXBuildFile; fileRef = 7E48E2EC2C01825200E11BEE /* User+CoreDataClass.swift */; };
		7E48E2F12C01825200E11BEE /* User+CoreDataProperties.swift in Sources */ = {isa = PBXBuildFile; fileRef = 7E48E2ED2C01825200E11BEE /* User+CoreDataProperties.swift */; };
		7E48E2F22C01825200E11BEE /* Cupcake+CoreDataClass.swift in Sources */ = {isa = PBXBuildFile; fileRef = 7E48E2EA2C01825200E11BEE /* Cupcake+CoreDataClass.swift */; };
		7E48E2F32C01825200E11BEE /* Cupcake+CoreDataProperties.swift in Sources */ = {isa = PBXBuildFile; fileRef = 7E48E2EB2C01825200E11BEE /* Cupcake+CoreDataProperties.swift */; };
		7E48E2F42C01825200E11BEE /* User+CoreDataClass.swift in Sources */ = {isa = PBXBuildFile; fileRef = 7E48E2EC2C01825200E11BEE /* User+CoreDataClass.swift */; };
		7E48E2F52C01825200E11BEE /* User+CoreDataProperties.swift in Sources */ = {isa = PBXBuildFile; fileRef = 7E48E2ED2C01825200E11BEE /* User+CoreDataProperties.swift */; };
		7E48E2F72C018C5E00E11BEE /* CacheStoreService.swift in Sources */ = {isa = PBXBuildFile; fileRef = 7E48E2F62C018C5E00E11BEE /* CacheStoreService.swift */; };
		7E48E2F82C018C5E00E11BEE /* CacheStoreService.swift in Sources */ = {isa = PBXBuildFile; fileRef = 7E48E2F62C018C5E00E11BEE /* CacheStoreService.swift */; };
		7E638E3B2C0802D400AC6D47 /* Assets.xcassets in Resources */ = {isa = PBXBuildFile; fileRef = 7E00CAD72BBE7F4E0033A2F9 /* Assets.xcassets */; };
		7E638E3D2C08032500AC6D47 /* Preview Assets.xcassets in Resources */ = {isa = PBXBuildFile; fileRef = 7E00CADA2BBE7F4E0033A2F9 /* Preview Assets.xcassets */; };
		7E638E432C083B3D00AC6D47 /* CupcakeCornerSplashView.swift in Sources */ = {isa = PBXBuildFile; fileRef = 7E638E422C083B3D00AC6D47 /* CupcakeCornerSplashView.swift */; };
		7E638E442C083B3D00AC6D47 /* CupcakeCornerSplashView.swift in Sources */ = {isa = PBXBuildFile; fileRef = 7E638E422C083B3D00AC6D47 /* CupcakeCornerSplashView.swift */; };
		7E68F3A52BE7612800941DBC /* WebSocketTypeCommunication.swift in Sources */ = {isa = PBXBuildFile; fileRef = 7E68F3A42BE7612800941DBC /* WebSocketTypeCommunication.swift */; };
		7E68F3A62BE7612800941DBC /* WebSocketTypeCommunication.swift in Sources */ = {isa = PBXBuildFile; fileRef = 7E68F3A42BE7612800941DBC /* WebSocketTypeCommunication.swift */; };
		7E8917932BF0668D00B16B46 /* CupcakeViewLoad.swift in Sources */ = {isa = PBXBuildFile; fileRef = 7E8917922BF0668D00B16B46 /* CupcakeViewLoad.swift */; };
		7E8917942BF0668D00B16B46 /* CupcakeViewLoad.swift in Sources */ = {isa = PBXBuildFile; fileRef = 7E8917922BF0668D00B16B46 /* CupcakeViewLoad.swift */; };
		7E8ADE5E2BEAF59900A16692 /* MainEntrypoint.swift in Sources */ = {isa = PBXBuildFile; fileRef = 7E8ADE5D2BEAF59900A16692 /* MainEntrypoint.swift */; };
		7E8ADE5F2BEAF59900A16692 /* MainEntrypoint.swift in Sources */ = {isa = PBXBuildFile; fileRef = 7E8ADE5D2BEAF59900A16692 /* MainEntrypoint.swift */; };
		7E8E31992BE43D0700513538 /* Cupcake.swift in Sources */ = {isa = PBXBuildFile; fileRef = 7E26FDAE2BDB397700D1C5FA /* Cupcake.swift */; };
		7E8E319A2BE43D0700513538 /* User.swift in Sources */ = {isa = PBXBuildFile; fileRef = 7EEAAD512BD0FD73002963F3 /* User.swift */; };
		7E8E319B2BE43D0700513538 /* Order.swift in Sources */ = {isa = PBXBuildFile; fileRef = 7E287EF92BD8915D0052438E /* Order.swift */; };
		7E8E31A12BE472FE00513538 /* Status.swift in Sources */ = {isa = PBXBuildFile; fileRef = 7E287EFB2BD892C50052438E /* Status.swift */; };
		7E8E31A62BE4771100513538 /* CoverImageView.swift in Sources */ = {isa = PBXBuildFile; fileRef = 7E8E31A52BE4771100513538 /* CoverImageView.swift */; };
		7E8E31AC2BE47EF900513538 /* EditCupcake.swift in Sources */ = {isa = PBXBuildFile; fileRef = 7E8E31AB2BE47EF900513538 /* EditCupcake.swift */; };
		7E8E31AE2BE4863900513538 /* CreateCupcakeView.swift in Sources */ = {isa = PBXBuildFile; fileRef = 7E8E31AD2BE4863900513538 /* CreateCupcakeView.swift */; };
		7E8E31B02BE4866400513538 /* CreateCupcakeViewModel.swift in Sources */ = {isa = PBXBuildFile; fileRef = 7E8E31AF2BE4866400513538 /* CreateCupcakeViewModel.swift */; };
		7E8E31B32BE4926400513538 /* GetPhoto.swift in Sources */ = {isa = PBXBuildFile; fileRef = 7E8E31B22BE4926400513538 /* GetPhoto.swift */; };
		7E8E31B62BE49CDD00513538 /* UpdateCupcakeView.swift in Sources */ = {isa = PBXBuildFile; fileRef = 7E8E31B52BE49CDD00513538 /* UpdateCupcakeView.swift */; };
		7E8E31B82BE49D2E00513538 /* UpdateCupcakeViewModel.swift in Sources */ = {isa = PBXBuildFile; fileRef = 7E8E31B72BE49D2E00513538 /* UpdateCupcakeViewModel.swift */; };
		7E8E31BB2BE4A72000513538 /* CupcakeCard.swift in Sources */ = {isa = PBXBuildFile; fileRef = 7E9DDFBC2BBFAFEE00C73D99 /* CupcakeCard.swift */; };
		7E8E31BC2BE4A74400513538 /* CupcakeView.swift in Sources */ = {isa = PBXBuildFile; fileRef = 7E9DDFA42BBF924100C73D99 /* CupcakeView.swift */; };
		7E8E31BD2BE4A7AF00513538 /* CupcakeViewModel.swift in Sources */ = {isa = PBXBuildFile; fileRef = 7E26FDAC2BDB393C00D1C5FA /* CupcakeViewModel.swift */; };
		7E8E31C02BE4A85300513538 /* CupcakeDetailView.swift in Sources */ = {isa = PBXBuildFile; fileRef = 7E8E31BF2BE4A85300513538 /* CupcakeDetailView.swift */; };
		7E8E31C22BE4A88E00513538 /* CupcakeDetailViewViewModel.swift in Sources */ = {isa = PBXBuildFile; fileRef = 7E8E31C12BE4A88E00513538 /* CupcakeDetailViewViewModel.swift */; };
		7E8E31C72BE5818F00513538 /* AccountViewLoad.swift in Sources */ = {isa = PBXBuildFile; fileRef = 7E8E31C62BE5818F00513538 /* AccountViewLoad.swift */; };
		7E8E31C82BE5906300513538 /* HomeView.swift in Sources */ = {isa = PBXBuildFile; fileRef = 7E00CAD52BBE7F4C0033A2F9 /* HomeView.swift */; };
		7E8E31C92BE5932A00513538 /* AccountViewLoad.swift in Sources */ = {isa = PBXBuildFile; fileRef = 7E8E31C62BE5818F00513538 /* AccountViewLoad.swift */; };
		7E90476F2BC10D5100DB7516 /* BagViewTexts.swift in Sources */ = {isa = PBXBuildFile; fileRef = 7E90476E2BC10D5100DB7516 /* BagViewTexts.swift */; };
		7E9047732BC11EDA00DB7516 /* BagViewEmpty.swift in Sources */ = {isa = PBXBuildFile; fileRef = 7E9047722BC11EDA00DB7516 /* BagViewEmpty.swift */; };
		7E9047752BC11F5B00DB7516 /* ItemCard.swift in Sources */ = {isa = PBXBuildFile; fileRef = 7E9047742BC11F5B00DB7516 /* ItemCard.swift */; };
		7E90477A2BC1207B00DB7516 /* ActionButton.swift in Sources */ = {isa = PBXBuildFile; fileRef = 7E9047792BC1207B00DB7516 /* ActionButton.swift */; };
		7E90477C2BC1210F00DB7516 /* InformationLabel.swift in Sources */ = {isa = PBXBuildFile; fileRef = 7E90477B2BC1210F00DB7516 /* InformationLabel.swift */; };
		7E9C0AA62C0E9820006DDD86 /* Data+Extensions.swift in Sources */ = {isa = PBXBuildFile; fileRef = 7E9C0AA52C0E9820006DDD86 /* Data+Extensions.swift */; };
		7E9C0AA72C0E9820006DDD86 /* Data+Extensions.swift in Sources */ = {isa = PBXBuildFile; fileRef = 7E9C0AA52C0E9820006DDD86 /* Data+Extensions.swift */; };
		7E9DDFA32BBF922000C73D99 /* BagView.swift in Sources */ = {isa = PBXBuildFile; fileRef = 7E9DDFA22BBF922000C73D99 /* BagView.swift */; };
		7E9DDFA52BBF924100C73D99 /* CupcakeView.swift in Sources */ = {isa = PBXBuildFile; fileRef = 7E9DDFA42BBF924100C73D99 /* CupcakeView.swift */; };
		7E9DDFA72BBF925200C73D99 /* ProfileView.swift in Sources */ = {isa = PBXBuildFile; fileRef = 7E9DDFA62BBF925200C73D99 /* ProfileView.swift */; };
		7E9DDFA92BBF937B00C73D99 /* OrderView.swift in Sources */ = {isa = PBXBuildFile; fileRef = 7E9DDFA82BBF937B00C73D99 /* OrderView.swift */; };
		7E9DDFB32BBF962C00C73D99 /* Icon.swift in Sources */ = {isa = PBXBuildFile; fileRef = 7E9DDFB22BBF962C00C73D99 /* Icon.swift */; };
		7E9DDFB82BBF9D6B00C73D99 /* BuyText.swift in Sources */ = {isa = PBXBuildFile; fileRef = 7E9DDFB72BBF9D6B00C73D99 /* BuyText.swift */; };
		7E9DDFBB2BBFA3AC00C73D99 /* FreeShipping.swift in Sources */ = {isa = PBXBuildFile; fileRef = 7E9DDFBA2BBFA3AC00C73D99 /* FreeShipping.swift */; };
		7E9DDFBD2BBFAFEE00C73D99 /* CupcakeCard.swift in Sources */ = {isa = PBXBuildFile; fileRef = 7E9DDFBC2BBFAFEE00C73D99 /* CupcakeCard.swift */; };
		7E9DDFBF2BBFBF3500C73D99 /* NewCupcakeHighlights.swift in Sources */ = {isa = PBXBuildFile; fileRef = 7E9DDFBE2BBFBF3500C73D99 /* NewCupcakeHighlights.swift */; };
		7E9DDFC22BBFC21A00C73D99 /* Double+Extension.swift in Sources */ = {isa = PBXBuildFile; fileRef = 7E9DDFC12BBFC21A00C73D99 /* Double+Extension.swift */; };
		7E9DDFC42BBFC6A200C73D99 /* View+Extension.swift in Sources */ = {isa = PBXBuildFile; fileRef = 7E9DDFC32BBFC6A200C73D99 /* View+Extension.swift */; };
		7EA2043C2BD3379300C8A6DF /* Icon.swift in Sources */ = {isa = PBXBuildFile; fileRef = 7E9DDFB22BBF962C00C73D99 /* Icon.swift */; };
		7EA2043D2BD337A700C8A6DF /* InformationLabel.swift in Sources */ = {isa = PBXBuildFile; fileRef = 7E90477B2BC1210F00DB7516 /* InformationLabel.swift */; };
		7EA2043E2BD337AB00C8A6DF /* ItemCard.swift in Sources */ = {isa = PBXBuildFile; fileRef = 7E9047742BC11F5B00DB7516 /* ItemCard.swift */; };
		7EA204402BD3429C00C8A6DF /* View+Extension.swift in Sources */ = {isa = PBXBuildFile; fileRef = 7E9DDFC32BBFC6A200C73D99 /* View+Extension.swift */; };
		7EA204412BD342A000C8A6DF /* Double+Extension.swift in Sources */ = {isa = PBXBuildFile; fileRef = 7E9DDFC12BBFC21A00C73D99 /* Double+Extension.swift */; };
		7EA204472BD372E200C8A6DF /* HTTPMethod.swift in Sources */ = {isa = PBXBuildFile; fileRef = 7EA204462BD372E200C8A6DF /* HTTPMethod.swift */; };
		7EA204482BD372E200C8A6DF /* HTTPMethod.swift in Sources */ = {isa = PBXBuildFile; fileRef = 7EA204462BD372E200C8A6DF /* HTTPMethod.swift */; };
		7EA2044A2BD3733300C8A6DF /* HTTPHeaderField.swift in Sources */ = {isa = PBXBuildFile; fileRef = 7EA204492BD3733300C8A6DF /* HTTPHeaderField.swift */; };
		7EA2044B2BD3733300C8A6DF /* HTTPHeaderField.swift in Sources */ = {isa = PBXBuildFile; fileRef = 7EA204492BD3733300C8A6DF /* HTTPHeaderField.swift */; };
		7EA2044D2BD378D800C8A6DF /* Token.swift in Sources */ = {isa = PBXBuildFile; fileRef = 7EA2044C2BD378D800C8A6DF /* Token.swift */; };
		7EA2044E2BD378D800C8A6DF /* Token.swift in Sources */ = {isa = PBXBuildFile; fileRef = 7EA2044C2BD378D800C8A6DF /* Token.swift */; };
		7EA204502BD37D3D00C8A6DF /* AuthorizationHeader.swift in Sources */ = {isa = PBXBuildFile; fileRef = 7EA2044F2BD37D3D00C8A6DF /* AuthorizationHeader.swift */; };
		7EA204512BD37D3D00C8A6DF /* AuthorizationHeader.swift in Sources */ = {isa = PBXBuildFile; fileRef = 7EA2044F2BD37D3D00C8A6DF /* AuthorizationHeader.swift */; };
		7EA204532BD37F8D00C8A6DF /* KeychainService.swift in Sources */ = {isa = PBXBuildFile; fileRef = 7EA204522BD37F8D00C8A6DF /* KeychainService.swift */; };
		7EA204542BD37F8D00C8A6DF /* KeychainService.swift in Sources */ = {isa = PBXBuildFile; fileRef = 7EA204522BD37F8D00C8A6DF /* KeychainService.swift */; };
		7EA204572BD390CD00C8A6DF /* APIError.swift in Sources */ = {isa = PBXBuildFile; fileRef = 7EA204562BD390CD00C8A6DF /* APIError.swift */; };
		7EA204582BD390CD00C8A6DF /* APIError.swift in Sources */ = {isa = PBXBuildFile; fileRef = 7EA204562BD390CD00C8A6DF /* APIError.swift */; };
		7EA2045A2BD390EF00C8A6DF /* KeychainError.swift in Sources */ = {isa = PBXBuildFile; fileRef = 7EA204592BD390EF00C8A6DF /* KeychainError.swift */; };
		7EA2045B2BD390EF00C8A6DF /* KeychainError.swift in Sources */ = {isa = PBXBuildFile; fileRef = 7EA204592BD390EF00C8A6DF /* KeychainError.swift */; };
		7EA2045E2BD3938300C8A6DF /* Keys.swift in Sources */ = {isa = PBXBuildFile; fileRef = 7EA2045D2BD3938300C8A6DF /* Keys.swift */; };
		7EA2045F2BD3938300C8A6DF /* Keys.swift in Sources */ = {isa = PBXBuildFile; fileRef = 7EA2045D2BD3938300C8A6DF /* Keys.swift */; };
		7EBE01BE2BEC6E2D001B22C3 /* OrderWebSocketService.swift in Sources */ = {isa = PBXBuildFile; fileRef = 7EBE01BD2BEC6E2D001B22C3 /* OrderWebSocketService.swift */; };
		7EBE01BF2BEC6E2D001B22C3 /* OrderWebSocketService.swift in Sources */ = {isa = PBXBuildFile; fileRef = 7EBE01BD2BEC6E2D001B22C3 /* OrderWebSocketService.swift */; };
		7ECFD3452BD497FB00171C7C /* AccountView.swift in Sources */ = {isa = PBXBuildFile; fileRef = 7EFF52EC2BC52A6E0048A61B /* AccountView.swift */; };
		7ECFD3472BD4986600171C7C /* AccountViewModel.swift in Sources */ = {isa = PBXBuildFile; fileRef = 7ECFD3462BD4986600171C7C /* AccountViewModel.swift */; };
		7ECFD34E2BD4A93400171C7C /* AccountViewModel.swift in Sources */ = {isa = PBXBuildFile; fileRef = 7ECFD3462BD4986600171C7C /* AccountViewModel.swift */; };
		7ECFD3562BD4C89100171C7C /* PageController.swift in Sources */ = {isa = PBXBuildFile; fileRef = 7ECFD3552BD4C89100171C7C /* PageController.swift */; };
		7ECFD35B2BD4CD6C00171C7C /* NamespaceKey.swift in Sources */ = {isa = PBXBuildFile; fileRef = 7ECFD35A2BD4CD6C00171C7C /* NamespaceKey.swift */; };
		7ED01C9C2BC2883D00387838 /* ProductHighlight.swift in Sources */ = {isa = PBXBuildFile; fileRef = 7ED01C9B2BC2883D00387838 /* ProductHighlight.swift */; };
		7ED01C9E2BC2885800387838 /* SpecialRequestButton.swift in Sources */ = {isa = PBXBuildFile; fileRef = 7ED01C9D2BC2885800387838 /* SpecialRequestButton.swift */; };
		7EDAA8432BDA46C9006E7770 /* WebSocketConnectionError.swift in Sources */ = {isa = PBXBuildFile; fileRef = 7EDAA8422BDA46C9006E7770 /* WebSocketConnectionError.swift */; };
		7EDAA8442BDA46C9006E7770 /* WebSocketConnectionError.swift in Sources */ = {isa = PBXBuildFile; fileRef = 7EDAA8422BDA46C9006E7770 /* WebSocketConnectionError.swift */; };
		7EDDEF252BF87CEA00BED6DE /* PaymentMethodSelector.swift in Sources */ = {isa = PBXBuildFile; fileRef = 7EDDEF242BF87CEA00BED6DE /* PaymentMethodSelector.swift */; };
		7EDDEF272BF87E5500BED6DE /* EmptyStateView.swift in Sources */ = {isa = PBXBuildFile; fileRef = 7EDDEF262BF87E5500BED6DE /* EmptyStateView.swift */; };
		7EDDEF2D2BF8975F00BED6DE /* PaymentMethodSelector.swift in Sources */ = {isa = PBXBuildFile; fileRef = 7EDDEF242BF87CEA00BED6DE /* PaymentMethodSelector.swift */; };
		7EDDEF2F2BF8981E00BED6DE /* EmptyStateView.swift in Sources */ = {isa = PBXBuildFile; fileRef = 7EDDEF262BF87E5500BED6DE /* EmptyStateView.swift */; };
		7EEAAD352BD0EBD4002963F3 /* CupcakeCornerForAdminApp.swift in Sources */ = {isa = PBXBuildFile; fileRef = 7EEAAD342BD0EBD4002963F3 /* CupcakeCornerForAdminApp.swift */; };
		7EEAAD4A2BD0F1B6002963F3 /* LoginView.swift in Sources */ = {isa = PBXBuildFile; fileRef = 7EEAAD492BD0F1B6002963F3 /* LoginView.swift */; };
		7EEAAD4B2BD0F1B6002963F3 /* LoginView.swift in Sources */ = {isa = PBXBuildFile; fileRef = 7EEAAD492BD0F1B6002963F3 /* LoginView.swift */; };
		7EEAAD4C2BD0F5F3002963F3 /* ActionButton.swift in Sources */ = {isa = PBXBuildFile; fileRef = 7E9047792BC1207B00DB7516 /* ActionButton.swift */; };
		7EEAAD522BD0FD73002963F3 /* User.swift in Sources */ = {isa = PBXBuildFile; fileRef = 7EEAAD512BD0FD73002963F3 /* User.swift */; };
		7EEAAD552BD0FDED002963F3 /* Role.swift in Sources */ = {isa = PBXBuildFile; fileRef = 7EEAAD542BD0FDED002963F3 /* Role.swift */; };
		7EEAAD562BD0FDED002963F3 /* Role.swift in Sources */ = {isa = PBXBuildFile; fileRef = 7EEAAD542BD0FDED002963F3 /* Role.swift */; };
		7EFF52E52BC517450048A61B /* BagViewPopulated.swift in Sources */ = {isa = PBXBuildFile; fileRef = 7EFF52E42BC517450048A61B /* BagViewPopulated.swift */; };
		7EFF52EB2BC528CB0048A61B /* CreateAnAccount.swift in Sources */ = {isa = PBXBuildFile; fileRef = 7EFF52EA2BC528CB0048A61B /* CreateAnAccount.swift */; };
		7EFF52ED2BC52A6E0048A61B /* AccountView.swift in Sources */ = {isa = PBXBuildFile; fileRef = 7EFF52EC2BC52A6E0048A61B /* AccountView.swift */; };
/* End PBXBuildFile section */

/* Begin PBXFileReference section */
		7E00CAD02BBE7F4C0033A2F9 /* CupcakeCorner.app */ = {isa = PBXFileReference; explicitFileType = wrapper.application; includeInIndex = 0; path = CupcakeCorner.app; sourceTree = BUILT_PRODUCTS_DIR; };
		7E00CAD32BBE7F4C0033A2F9 /* CupcakeCornerApp.swift */ = {isa = PBXFileReference; lastKnownFileType = sourcecode.swift; path = CupcakeCornerApp.swift; sourceTree = "<group>"; };
		7E00CAD52BBE7F4C0033A2F9 /* HomeView.swift */ = {isa = PBXFileReference; lastKnownFileType = sourcecode.swift; path = HomeView.swift; sourceTree = "<group>"; };
		7E00CAD72BBE7F4E0033A2F9 /* Assets.xcassets */ = {isa = PBXFileReference; lastKnownFileType = folder.assetcatalog; path = Assets.xcassets; sourceTree = "<group>"; };
		7E00CADA2BBE7F4E0033A2F9 /* Preview Assets.xcassets */ = {isa = PBXFileReference; lastKnownFileType = folder.assetcatalog; path = "Preview Assets.xcassets"; sourceTree = "<group>"; };
		7E00CAE12BBE81B00033A2F9 /* LICENSE */ = {isa = PBXFileReference; fileEncoding = 4; lastKnownFileType = text; path = LICENSE; sourceTree = "<group>"; };
		7E00CAE22BBE81B00033A2F9 /* README.md */ = {isa = PBXFileReference; fileEncoding = 4; lastKnownFileType = net.daringfireball.markdown; path = README.md; sourceTree = "<group>"; };
		7E22631B2BD1D325001AD0B6 /* PaymentMethod.swift */ = {isa = PBXFileReference; lastKnownFileType = sourcecode.swift; path = PaymentMethod.swift; sourceTree = "<group>"; };
		7E22631E2BD1D78A001AD0B6 /* CreateAnAccountViewModel.swift */ = {isa = PBXFileReference; lastKnownFileType = sourcecode.swift; path = CreateAnAccountViewModel.swift; sourceTree = "<group>"; };
		7E22632A2BD1E4D3001AD0B6 /* AppAlert.swift */ = {isa = PBXFileReference; lastKnownFileType = sourcecode.swift; path = AppAlert.swift; sourceTree = "<group>"; };
		7E22632D2BD1F32A001AD0B6 /* ViewState.swift */ = {isa = PBXFileReference; lastKnownFileType = sourcecode.swift; path = ViewState.swift; sourceTree = "<group>"; };
		7E2263372BD1FBB1001AD0B6 /* Login.swift */ = {isa = PBXFileReference; lastKnownFileType = sourcecode.swift; path = Login.swift; sourceTree = "<group>"; };
		7E22633A2BD1FCA8001AD0B6 /* LoginViewModel.swift */ = {isa = PBXFileReference; lastKnownFileType = sourcecode.swift; path = LoginViewModel.swift; sourceTree = "<group>"; };
		7E26FDAC2BDB393C00D1C5FA /* CupcakeViewModel.swift */ = {isa = PBXFileReference; lastKnownFileType = sourcecode.swift; path = CupcakeViewModel.swift; sourceTree = "<group>"; };
		7E26FDAE2BDB397700D1C5FA /* Cupcake.swift */ = {isa = PBXFileReference; lastKnownFileType = sourcecode.swift; path = Cupcake.swift; sourceTree = "<group>"; };
		7E26FDBB2BDB724E00D1C5FA /* OrderViewModel.swift */ = {isa = PBXFileReference; lastKnownFileType = sourcecode.swift; path = OrderViewModel.swift; sourceTree = "<group>"; };
		7E287EF92BD8915D0052438E /* Order.swift */ = {isa = PBXFileReference; lastKnownFileType = sourcecode.swift; path = Order.swift; sourceTree = "<group>"; };
		7E287EFB2BD892C50052438E /* Status.swift */ = {isa = PBXFileReference; lastKnownFileType = sourcecode.swift; path = Status.swift; sourceTree = "<group>"; };
		7E287EFD2BD89A620052438E /* BagViewModel.swift */ = {isa = PBXFileReference; lastKnownFileType = sourcecode.swift; path = BagViewModel.swift; sourceTree = "<group>"; };
		7E287F022BD8A0CE0052438E /* ApplicationType.swift */ = {isa = PBXFileReference; lastKnownFileType = sourcecode.swift; path = ApplicationType.swift; sourceTree = "<group>"; };
		7E287F092BD8B06F0052438E /* NetworkService.swift */ = {isa = PBXFileReference; lastKnownFileType = sourcecode.swift; path = NetworkService.swift; sourceTree = "<group>"; };
		7E287F0C2BD8C1540052438E /* Values.swift */ = {isa = PBXFileReference; lastKnownFileType = sourcecode.swift; path = Values.swift; sourceTree = "<group>"; };
		7E287F0F2BD8C16A0052438E /* URLSessionType.swift */ = {isa = PBXFileReference; lastKnownFileType = sourcecode.swift; path = URLSessionType.swift; sourceTree = "<group>"; };
		7E48E2E72C01808800E11BEE /* CacheStore.xcdatamodel */ = {isa = PBXFileReference; lastKnownFileType = wrapper.xcdatamodel; path = CacheStore.xcdatamodel; sourceTree = "<group>"; };
		7E48E2EA2C01825200E11BEE /* Cupcake+CoreDataClass.swift */ = {isa = PBXFileReference; lastKnownFileType = sourcecode.swift; name = "Cupcake+CoreDataClass.swift"; path = "Common/Persistence/Cache/Models/Cupcake+CoreDataClass.swift"; sourceTree = SOURCE_ROOT; };
		7E48E2EB2C01825200E11BEE /* Cupcake+CoreDataProperties.swift */ = {isa = PBXFileReference; lastKnownFileType = sourcecode.swift; name = "Cupcake+CoreDataProperties.swift"; path = "Common/Persistence/Cache/Models/Cupcake+CoreDataProperties.swift"; sourceTree = SOURCE_ROOT; };
		7E48E2EC2C01825200E11BEE /* User+CoreDataClass.swift */ = {isa = PBXFileReference; lastKnownFileType = sourcecode.swift; name = "User+CoreDataClass.swift"; path = "Common/Persistence/Cache/Models/User+CoreDataClass.swift"; sourceTree = SOURCE_ROOT; };
		7E48E2ED2C01825200E11BEE /* User+CoreDataProperties.swift */ = {isa = PBXFileReference; lastKnownFileType = sourcecode.swift; name = "User+CoreDataProperties.swift"; path = "Common/Persistence/Cache/Models/User+CoreDataProperties.swift"; sourceTree = SOURCE_ROOT; };
		7E48E2F62C018C5E00E11BEE /* CacheStoreService.swift */ = {isa = PBXFileReference; lastKnownFileType = sourcecode.swift; path = CacheStoreService.swift; sourceTree = "<group>"; };
		7E638E422C083B3D00AC6D47 /* CupcakeCornerSplashView.swift */ = {isa = PBXFileReference; lastKnownFileType = sourcecode.swift; path = CupcakeCornerSplashView.swift; sourceTree = "<group>"; };
		7E68F3A42BE7612800941DBC /* WebSocketTypeCommunication.swift */ = {isa = PBXFileReference; lastKnownFileType = sourcecode.swift; path = WebSocketTypeCommunication.swift; sourceTree = "<group>"; };
		7E8917922BF0668D00B16B46 /* CupcakeViewLoad.swift */ = {isa = PBXFileReference; lastKnownFileType = sourcecode.swift; path = CupcakeViewLoad.swift; sourceTree = "<group>"; };
		7E8ADE5D2BEAF59900A16692 /* MainEntrypoint.swift */ = {isa = PBXFileReference; lastKnownFileType = sourcecode.swift; path = MainEntrypoint.swift; sourceTree = "<group>"; };
		7E8E31A52BE4771100513538 /* CoverImageView.swift */ = {isa = PBXFileReference; lastKnownFileType = sourcecode.swift; path = CoverImageView.swift; sourceTree = "<group>"; };
		7E8E31AB2BE47EF900513538 /* EditCupcake.swift */ = {isa = PBXFileReference; lastKnownFileType = sourcecode.swift; path = EditCupcake.swift; sourceTree = "<group>"; };
		7E8E31AD2BE4863900513538 /* CreateCupcakeView.swift */ = {isa = PBXFileReference; lastKnownFileType = sourcecode.swift; path = CreateCupcakeView.swift; sourceTree = "<group>"; };
		7E8E31AF2BE4866400513538 /* CreateCupcakeViewModel.swift */ = {isa = PBXFileReference; lastKnownFileType = sourcecode.swift; path = CreateCupcakeViewModel.swift; sourceTree = "<group>"; };
		7E8E31B22BE4926400513538 /* GetPhoto.swift */ = {isa = PBXFileReference; lastKnownFileType = sourcecode.swift; path = GetPhoto.swift; sourceTree = "<group>"; };
		7E8E31B52BE49CDD00513538 /* UpdateCupcakeView.swift */ = {isa = PBXFileReference; lastKnownFileType = sourcecode.swift; path = UpdateCupcakeView.swift; sourceTree = "<group>"; };
		7E8E31B72BE49D2E00513538 /* UpdateCupcakeViewModel.swift */ = {isa = PBXFileReference; lastKnownFileType = sourcecode.swift; path = UpdateCupcakeViewModel.swift; sourceTree = "<group>"; };
		7E8E31BF2BE4A85300513538 /* CupcakeDetailView.swift */ = {isa = PBXFileReference; lastKnownFileType = sourcecode.swift; path = CupcakeDetailView.swift; sourceTree = "<group>"; };
		7E8E31C12BE4A88E00513538 /* CupcakeDetailViewViewModel.swift */ = {isa = PBXFileReference; lastKnownFileType = sourcecode.swift; path = CupcakeDetailViewViewModel.swift; sourceTree = "<group>"; };
		7E8E31C62BE5818F00513538 /* AccountViewLoad.swift */ = {isa = PBXFileReference; lastKnownFileType = sourcecode.swift; path = AccountViewLoad.swift; sourceTree = "<group>"; };
		7E90476E2BC10D5100DB7516 /* BagViewTexts.swift */ = {isa = PBXFileReference; lastKnownFileType = sourcecode.swift; path = BagViewTexts.swift; sourceTree = "<group>"; };
		7E9047722BC11EDA00DB7516 /* BagViewEmpty.swift */ = {isa = PBXFileReference; lastKnownFileType = sourcecode.swift; path = BagViewEmpty.swift; sourceTree = "<group>"; };
		7E9047742BC11F5B00DB7516 /* ItemCard.swift */ = {isa = PBXFileReference; lastKnownFileType = sourcecode.swift; path = ItemCard.swift; sourceTree = "<group>"; };
		7E9047792BC1207B00DB7516 /* ActionButton.swift */ = {isa = PBXFileReference; lastKnownFileType = sourcecode.swift; path = ActionButton.swift; sourceTree = "<group>"; };
		7E90477B2BC1210F00DB7516 /* InformationLabel.swift */ = {isa = PBXFileReference; lastKnownFileType = sourcecode.swift; path = InformationLabel.swift; sourceTree = "<group>"; };
		7E9C0AA52C0E9820006DDD86 /* Data+Extensions.swift */ = {isa = PBXFileReference; lastKnownFileType = sourcecode.swift; path = "Data+Extensions.swift"; sourceTree = "<group>"; };
		7E9DDFA22BBF922000C73D99 /* BagView.swift */ = {isa = PBXFileReference; lastKnownFileType = sourcecode.swift; path = BagView.swift; sourceTree = "<group>"; };
		7E9DDFA42BBF924100C73D99 /* CupcakeView.swift */ = {isa = PBXFileReference; lastKnownFileType = sourcecode.swift; path = CupcakeView.swift; sourceTree = "<group>"; };
		7E9DDFA62BBF925200C73D99 /* ProfileView.swift */ = {isa = PBXFileReference; lastKnownFileType = sourcecode.swift; path = ProfileView.swift; sourceTree = "<group>"; };
		7E9DDFA82BBF937B00C73D99 /* OrderView.swift */ = {isa = PBXFileReference; lastKnownFileType = sourcecode.swift; path = OrderView.swift; sourceTree = "<group>"; };
		7E9DDFB22BBF962C00C73D99 /* Icon.swift */ = {isa = PBXFileReference; lastKnownFileType = sourcecode.swift; path = Icon.swift; sourceTree = "<group>"; };
		7E9DDFB72BBF9D6B00C73D99 /* BuyText.swift */ = {isa = PBXFileReference; lastKnownFileType = sourcecode.swift; path = BuyText.swift; sourceTree = "<group>"; };
		7E9DDFBA2BBFA3AC00C73D99 /* FreeShipping.swift */ = {isa = PBXFileReference; lastKnownFileType = sourcecode.swift; path = FreeShipping.swift; sourceTree = "<group>"; };
		7E9DDFBC2BBFAFEE00C73D99 /* CupcakeCard.swift */ = {isa = PBXFileReference; lastKnownFileType = sourcecode.swift; path = CupcakeCard.swift; sourceTree = "<group>"; };
		7E9DDFBE2BBFBF3500C73D99 /* NewCupcakeHighlights.swift */ = {isa = PBXFileReference; lastKnownFileType = sourcecode.swift; path = NewCupcakeHighlights.swift; sourceTree = "<group>"; };
		7E9DDFC12BBFC21A00C73D99 /* Double+Extension.swift */ = {isa = PBXFileReference; lastKnownFileType = sourcecode.swift; path = "Double+Extension.swift"; sourceTree = "<group>"; };
		7E9DDFC32BBFC6A200C73D99 /* View+Extension.swift */ = {isa = PBXFileReference; lastKnownFileType = sourcecode.swift; path = "View+Extension.swift"; sourceTree = "<group>"; };
		7EA204462BD372E200C8A6DF /* HTTPMethod.swift */ = {isa = PBXFileReference; lastKnownFileType = sourcecode.swift; path = HTTPMethod.swift; sourceTree = "<group>"; };
		7EA204492BD3733300C8A6DF /* HTTPHeaderField.swift */ = {isa = PBXFileReference; lastKnownFileType = sourcecode.swift; path = HTTPHeaderField.swift; sourceTree = "<group>"; };
		7EA2044C2BD378D800C8A6DF /* Token.swift */ = {isa = PBXFileReference; lastKnownFileType = sourcecode.swift; path = Token.swift; sourceTree = "<group>"; };
		7EA2044F2BD37D3D00C8A6DF /* AuthorizationHeader.swift */ = {isa = PBXFileReference; lastKnownFileType = sourcecode.swift; path = AuthorizationHeader.swift; sourceTree = "<group>"; };
		7EA204522BD37F8D00C8A6DF /* KeychainService.swift */ = {isa = PBXFileReference; lastKnownFileType = sourcecode.swift; path = KeychainService.swift; sourceTree = "<group>"; };
		7EA204562BD390CD00C8A6DF /* APIError.swift */ = {isa = PBXFileReference; lastKnownFileType = sourcecode.swift; path = APIError.swift; sourceTree = "<group>"; };
		7EA204592BD390EF00C8A6DF /* KeychainError.swift */ = {isa = PBXFileReference; lastKnownFileType = sourcecode.swift; path = KeychainError.swift; sourceTree = "<group>"; };
		7EA2045D2BD3938300C8A6DF /* Keys.swift */ = {isa = PBXFileReference; lastKnownFileType = sourcecode.swift; path = Keys.swift; sourceTree = "<group>"; };
		7EBE01BD2BEC6E2D001B22C3 /* OrderWebSocketService.swift */ = {isa = PBXFileReference; fileEncoding = 4; lastKnownFileType = sourcecode.swift; path = OrderWebSocketService.swift; sourceTree = "<group>"; };
		7ECFD3462BD4986600171C7C /* AccountViewModel.swift */ = {isa = PBXFileReference; lastKnownFileType = sourcecode.swift; path = AccountViewModel.swift; sourceTree = "<group>"; };
		7ECFD3552BD4C89100171C7C /* PageController.swift */ = {isa = PBXFileReference; lastKnownFileType = sourcecode.swift; path = PageController.swift; sourceTree = "<group>"; };
		7ECFD35A2BD4CD6C00171C7C /* NamespaceKey.swift */ = {isa = PBXFileReference; lastKnownFileType = sourcecode.swift; path = NamespaceKey.swift; sourceTree = "<group>"; };
		7ED01C9B2BC2883D00387838 /* ProductHighlight.swift */ = {isa = PBXFileReference; lastKnownFileType = sourcecode.swift; path = ProductHighlight.swift; sourceTree = "<group>"; };
		7ED01C9D2BC2885800387838 /* SpecialRequestButton.swift */ = {isa = PBXFileReference; lastKnownFileType = sourcecode.swift; path = SpecialRequestButton.swift; sourceTree = "<group>"; };
		7EDAA8422BDA46C9006E7770 /* WebSocketConnectionError.swift */ = {isa = PBXFileReference; lastKnownFileType = sourcecode.swift; path = WebSocketConnectionError.swift; sourceTree = "<group>"; };
		7EDDEF242BF87CEA00BED6DE /* PaymentMethodSelector.swift */ = {isa = PBXFileReference; lastKnownFileType = sourcecode.swift; path = PaymentMethodSelector.swift; sourceTree = "<group>"; };
		7EDDEF262BF87E5500BED6DE /* EmptyStateView.swift */ = {isa = PBXFileReference; lastKnownFileType = sourcecode.swift; path = EmptyStateView.swift; sourceTree = "<group>"; };
		7EEAAD322BD0EBD4002963F3 /* CupcakeCornerForAdmin.app */ = {isa = PBXFileReference; explicitFileType = wrapper.application; includeInIndex = 0; path = CupcakeCornerForAdmin.app; sourceTree = BUILT_PRODUCTS_DIR; };
		7EEAAD342BD0EBD4002963F3 /* CupcakeCornerForAdminApp.swift */ = {isa = PBXFileReference; lastKnownFileType = sourcecode.swift; path = CupcakeCornerForAdminApp.swift; sourceTree = "<group>"; };
		7EEAAD492BD0F1B6002963F3 /* LoginView.swift */ = {isa = PBXFileReference; lastKnownFileType = sourcecode.swift; path = LoginView.swift; sourceTree = "<group>"; };
		7EEAAD512BD0FD73002963F3 /* User.swift */ = {isa = PBXFileReference; lastKnownFileType = sourcecode.swift; path = User.swift; sourceTree = "<group>"; };
		7EEAAD542BD0FDED002963F3 /* Role.swift */ = {isa = PBXFileReference; lastKnownFileType = sourcecode.swift; path = Role.swift; sourceTree = "<group>"; };
		7EFF52E42BC517450048A61B /* BagViewPopulated.swift */ = {isa = PBXFileReference; fileEncoding = 4; lastKnownFileType = sourcecode.swift; path = BagViewPopulated.swift; sourceTree = "<group>"; };
		7EFF52EA2BC528CB0048A61B /* CreateAnAccount.swift */ = {isa = PBXFileReference; lastKnownFileType = sourcecode.swift; path = CreateAnAccount.swift; sourceTree = "<group>"; };
		7EFF52EC2BC52A6E0048A61B /* AccountView.swift */ = {isa = PBXFileReference; lastKnownFileType = sourcecode.swift; path = AccountView.swift; sourceTree = "<group>"; };
/* End PBXFileReference section */

/* Begin PBXFrameworksBuildPhase section */
		7E00CACD2BBE7F4C0033A2F9 /* Frameworks */ = {
			isa = PBXFrameworksBuildPhase;
			buildActionMask = 2147483647;
			files = (
			);
			runOnlyForDeploymentPostprocessing = 0;
		};
		7EEAAD2F2BD0EBD4002963F3 /* Frameworks */ = {
			isa = PBXFrameworksBuildPhase;
			buildActionMask = 2147483647;
			files = (
			);
			runOnlyForDeploymentPostprocessing = 0;
		};
/* End PBXFrameworksBuildPhase section */

/* Begin PBXGroup section */
		7E00CAC72BBE7F4C0033A2F9 = {
			isa = PBXGroup;
			children = (
				7E00CAE22BBE81B00033A2F9 /* README.md */,
				7E00CAD12BBE7F4C0033A2F9 /* Products */,
				7E7A55872C09A27F00A496E0 /* Frameworks */,
				7EEAAD402BD0ED6B002963F3 /* Common */,
				7E00CAD22BBE7F4C0033A2F9 /* CupcakeCorner */,
				7EEAAD332BD0EBD4002963F3 /* CupcakeCornerForAdmin */,
				7E5764FF2C112E16008C24B7 /* LICENSE */,
			);
			sourceTree = "<group>";
		};
		7E00CAD12BBE7F4C0033A2F9 /* Products */ = {
			isa = PBXGroup;
			children = (
				7E00CAD02BBE7F4C0033A2F9 /* CupcakeCorner.app */,
				7EEAAD322BD0EBD4002963F3 /* CupcakeCornerForAdmin.app */,
			);
			name = Products;
			sourceTree = "<group>";
		};
		7E00CAD22BBE7F4C0033A2F9 /* CupcakeCorner */ = {
			isa = PBXGroup;
			children = (
				7E00CAD32BBE7F4C0033A2F9 /* CupcakeCornerApp.swift */,
				7E00CAE62BBE876D0033A2F9 /* Views */,
			);
			path = CupcakeCorner;
			sourceTree = "<group>";
		};
		7E00CAD92BBE7F4E0033A2F9 /* Preview Content */ = {
			isa = PBXGroup;
			children = (
				7E00CADA2BBE7F4E0033A2F9 /* Preview Assets.xcassets */,
			);
			path = "Preview Content";
			sourceTree = "<group>";
		};
		7E00CAE62BBE876D0033A2F9 /* Views */ = {
			isa = PBXGroup;
			children = (
				7ED01C992BC287BA00387838 /* Order View */,
			);
			path = Views;
			sourceTree = "<group>";
		};
		7E2263212BD1DB46001AD0B6 /* Cache */ = {
			isa = PBXGroup;
			children = (
				7EFBF70A2C104E22007C6C50 /* Models */,
				7E48E2F62C018C5E00E11BEE /* CacheStoreService.swift */,
			);
			path = Cache;
			sourceTree = "<group>";
		};
		7E2263232BD1DBAE001AD0B6 /* Create Account */ = {
			isa = PBXGroup;
			children = (
				7EDDEF232BF87CCE00BED6DE /* Components */,
				7EFF52EA2BC528CB0048A61B /* CreateAnAccount.swift */,
				7E22631E2BD1D78A001AD0B6 /* CreateAnAccountViewModel.swift */,
			);
			path = "Create Account";
			sourceTree = "<group>";
		};
		7E2263332BD1FB00001AD0B6 /* Login */ = {
			isa = PBXGroup;
			children = (
				7E2263342BD1FB19001AD0B6 /* Components */,
				7EEAAD492BD0F1B6002963F3 /* LoginView.swift */,
				7E22633A2BD1FCA8001AD0B6 /* LoginViewModel.swift */,
			);
			path = Login;
			sourceTree = "<group>";
		};
		7E2263342BD1FB19001AD0B6 /* Components */ = {
			isa = PBXGroup;
			children = (
				7E2263372BD1FBB1001AD0B6 /* Login.swift */,
			);
			path = Components;
			sourceTree = "<group>";
		};
		7E287F012BD8A0AB0052438E /* Models */ = {
			isa = PBXGroup;
			children = (
				7E22632D2BD1F32A001AD0B6 /* ViewState.swift */,
				7E9DDFB22BBF962C00C73D99 /* Icon.swift */,
				7EA204462BD372E200C8A6DF /* HTTPMethod.swift */,
				7EA204492BD3733300C8A6DF /* HTTPHeaderField.swift */,
				7EA2044F2BD37D3D00C8A6DF /* AuthorizationHeader.swift */,
				7EA2045D2BD3938300C8A6DF /* Keys.swift */,
				7ECFD35A2BD4CD6C00171C7C /* NamespaceKey.swift */,
				7E287F022BD8A0CE0052438E /* ApplicationType.swift */,
			);
			path = Models;
			sourceTree = "<group>";
		};
		7E287F082BD8B0550052438E /* Networking */ = {
			isa = PBXGroup;
			children = (
				7EDAA8382BDA45D1006E7770 /* WebSocket */,
				7EDAA8372BDA45C2006E7770 /* Network */,
			);
			path = Networking;
			sourceTree = "<group>";
		};
		7E5764FF2C112E16008C24B7 /* LICENSE */ = {
			isa = PBXGroup;
			children = (
				7E00CAE12BBE81B00033A2F9 /* LICENSE */,
			);
			path = LICENSE;
			sourceTree = "<group>";
		};
		7E638E3C2C0802EC00AC6D47 /* Assets Content */ = {
			isa = PBXGroup;
			children = (
				7E00CAD72BBE7F4E0033A2F9 /* Assets.xcassets */,
				7E00CAD92BBE7F4E0033A2F9 /* Preview Content */,
			);
			path = "Assets Content";
			sourceTree = "<group>";
		};
		7E638E3E2C08378400AC6D47 /* Launch Screen */ = {
			isa = PBXGroup;
			children = (
				7E638E422C083B3D00AC6D47 /* CupcakeCornerSplashView.swift */,
			);
			path = "Launch Screen";
			sourceTree = "<group>";
		};
		7E73D9512BE6B51500DC02FB /* Views */ = {
			isa = PBXGroup;
			children = (
				7E9047762BC11FFD00DB7516 /* UI Components */,
				7E9DDFAC2BBF952900C73D99 /* Home View */,
				7E9DDFB52BBF9D3200C73D99 /* Cupcake View */,
				7E90476B2BC10D1400DB7516 /* Bag View */,
				7EFF52E82BC528930048A61B /* Profile View */,
			);
			path = Views;
			sourceTree = "<group>";
		};
		7E73D9522BE6B57100DC02FB /* Views */ = {
			isa = PBXGroup;
			children = (
				7E8E319C2BE4729E00513538 /* Cupcake View */,
			);
			path = Views;
			sourceTree = "<group>";
		};
		7E7A55872C09A27F00A496E0 /* Frameworks */ = {
			isa = PBXGroup;
			children = (
			);
			name = Frameworks;
			sourceTree = "<group>";
		};
		7E8ADE5C2BEAF41400A16692 /* Entrypoint */ = {
			isa = PBXGroup;
			children = (
				7E638E3E2C08378400AC6D47 /* Launch Screen */,
				7E8ADE5D2BEAF59900A16692 /* MainEntrypoint.swift */,
			);
			path = Entrypoint;
			sourceTree = "<group>";
		};
		7E8E319C2BE4729E00513538 /* Cupcake View */ = {
			isa = PBXGroup;
			children = (
				7E8E31A82BE47E6600513538 /* Components */,
				7E8E31BE2BE4A83A00513538 /* Detail */,
				7E8E31AA2BE47EC600513538 /* Create */,
				7E8E31B42BE49CBF00513538 /* Update */,
			);
			path = "Cupcake View";
			sourceTree = "<group>";
		};
		7E8E31A82BE47E6600513538 /* Components */ = {
			isa = PBXGroup;
			children = (
				7E8E31B22BE4926400513538 /* GetPhoto.swift */,
				7E8E31A52BE4771100513538 /* CoverImageView.swift */,
				7E8E31AB2BE47EF900513538 /* EditCupcake.swift */,
			);
			path = Components;
			sourceTree = "<group>";
		};
		7E8E31AA2BE47EC600513538 /* Create */ = {
			isa = PBXGroup;
			children = (
				7E8E31AD2BE4863900513538 /* CreateCupcakeView.swift */,
				7E8E31AF2BE4866400513538 /* CreateCupcakeViewModel.swift */,
			);
			path = Create;
			sourceTree = "<group>";
		};
		7E8E31B42BE49CBF00513538 /* Update */ = {
			isa = PBXGroup;
			children = (
				7E8E31B52BE49CDD00513538 /* UpdateCupcakeView.swift */,
				7E8E31B72BE49D2E00513538 /* UpdateCupcakeViewModel.swift */,
			);
			path = Update;
			sourceTree = "<group>";
		};
		7E8E31BE2BE4A83A00513538 /* Detail */ = {
			isa = PBXGroup;
			children = (
				7E8E31BF2BE4A85300513538 /* CupcakeDetailView.swift */,
				7E8E31C12BE4A88E00513538 /* CupcakeDetailViewViewModel.swift */,
			);
			path = Detail;
			sourceTree = "<group>";
		};
		7E8E31C52BE5818100513538 /* Components */ = {
			isa = PBXGroup;
			children = (
				7E8E31C62BE5818F00513538 /* AccountViewLoad.swift */,
			);
			path = Components;
			sourceTree = "<group>";
		};
		7E90476B2BC10D1400DB7516 /* Bag View */ = {
			isa = PBXGroup;
			children = (
				7E90476D2BC10D3500DB7516 /* Components */,
				7E9DDFA22BBF922000C73D99 /* BagView.swift */,
				7E287EFD2BD89A620052438E /* BagViewModel.swift */,
			);
			path = "Bag View";
			sourceTree = "<group>";
		};
		7E90476D2BC10D3500DB7516 /* Components */ = {
			isa = PBXGroup;
			children = (
				7E90476E2BC10D5100DB7516 /* BagViewTexts.swift */,
				7EFF52E42BC517450048A61B /* BagViewPopulated.swift */,
				7E9047722BC11EDA00DB7516 /* BagViewEmpty.swift */,
			);
			path = Components;
			sourceTree = "<group>";
		};
		7E9047762BC11FFD00DB7516 /* UI Components */ = {
			isa = PBXGroup;
			children = (
				7E9047742BC11F5B00DB7516 /* ItemCard.swift */,
				7E90477B2BC1210F00DB7516 /* InformationLabel.swift */,
				7E9047792BC1207B00DB7516 /* ActionButton.swift */,
				7EDDEF262BF87E5500BED6DE /* EmptyStateView.swift */,
			);
			path = "UI Components";
			sourceTree = "<group>";
		};
		7E9DDFAC2BBF952900C73D99 /* Home View */ = {
			isa = PBXGroup;
			children = (
				7E00CAD52BBE7F4C0033A2F9 /* HomeView.swift */,
			);
			path = "Home View";
			sourceTree = "<group>";
		};
		7E9DDFB52BBF9D3200C73D99 /* Cupcake View */ = {
			isa = PBXGroup;
			children = (
				7E9DDFB92BBFA39900C73D99 /* Components */,
				7E9DDFA42BBF924100C73D99 /* CupcakeView.swift */,
				7E26FDAC2BDB393C00D1C5FA /* CupcakeViewModel.swift */,
			);
			path = "Cupcake View";
			sourceTree = "<group>";
		};
		7E9DDFB92BBFA39900C73D99 /* Components */ = {
			isa = PBXGroup;
			children = (
				7E9DDFBA2BBFA3AC00C73D99 /* FreeShipping.swift */,
				7E9DDFB72BBF9D6B00C73D99 /* BuyText.swift */,
				7E9DDFBE2BBFBF3500C73D99 /* NewCupcakeHighlights.swift */,
				7E9DDFBC2BBFAFEE00C73D99 /* CupcakeCard.swift */,
				7E8917922BF0668D00B16B46 /* CupcakeViewLoad.swift */,
			);
			path = Components;
			sourceTree = "<group>";
		};
		7E9DDFC02BBFC20500C73D99 /* Extensions */ = {
			isa = PBXGroup;
			children = (
				7E9DDFC12BBFC21A00C73D99 /* Double+Extension.swift */,
				7E9DDFC32BBFC6A200C73D99 /* View+Extension.swift */,
				7E9C0AA52C0E9820006DDD86 /* Data+Extensions.swift */,
			);
			path = Extensions;
			sourceTree = "<group>";
		};
		7EA204552BD390B100C8A6DF /* Erros */ = {
			isa = PBXGroup;
			children = (
				7E22632A2BD1E4D3001AD0B6 /* AppAlert.swift */,
				7EA204562BD390CD00C8A6DF /* APIError.swift */,
				7EA204592BD390EF00C8A6DF /* KeychainError.swift */,
				7EDAA8422BDA46C9006E7770 /* WebSocketConnectionError.swift */,
			);
			path = Erros;
			sourceTree = "<group>";
		};
		7EA2045C2BD3915A00C8A6DF /* Keychain */ = {
			isa = PBXGroup;
			children = (
				7EA204522BD37F8D00C8A6DF /* KeychainService.swift */,
			);
			path = Keychain;
			sourceTree = "<group>";
		};
		7ED01C992BC287BA00387838 /* Order View */ = {
			isa = PBXGroup;
			children = (
				7ED01C9A2BC2882D00387838 /* Components */,
				7E9DDFA82BBF937B00C73D99 /* OrderView.swift */,
				7E26FDBB2BDB724E00D1C5FA /* OrderViewModel.swift */,
			);
			path = "Order View";
			sourceTree = "<group>";
		};
		7ED01C9A2BC2882D00387838 /* Components */ = {
			isa = PBXGroup;
			children = (
				7ED01C9B2BC2883D00387838 /* ProductHighlight.swift */,
				7ED01C9D2BC2885800387838 /* SpecialRequestButton.swift */,
			);
			path = Components;
			sourceTree = "<group>";
		};
		7EDAA8372BDA45C2006E7770 /* Network */ = {
			isa = PBXGroup;
			children = (
				7EFBF7092C104C90007C6C50 /* DTOs */,
				7E287F092BD8B06F0052438E /* NetworkService.swift */,
				7E287F0C2BD8C1540052438E /* Values.swift */,
				7E287F0F2BD8C16A0052438E /* URLSessionType.swift */,
			);
			path = Network;
			sourceTree = "<group>";
		};
		7EDAA8382BDA45D1006E7770 /* WebSocket */ = {
			isa = PBXGroup;
			children = (
				7E68F3A42BE7612800941DBC /* WebSocketTypeCommunication.swift */,
				7EBE01BD2BEC6E2D001B22C3 /* OrderWebSocketService.swift */,
			);
			path = WebSocket;
			sourceTree = "<group>";
		};
		7EDDEF232BF87CCE00BED6DE /* Components */ = {
			isa = PBXGroup;
			children = (
				7EDDEF242BF87CEA00BED6DE /* PaymentMethodSelector.swift */,
			);
			path = Components;
			sourceTree = "<group>";
		};
		7EEAAD332BD0EBD4002963F3 /* CupcakeCornerForAdmin */ = {
			isa = PBXGroup;
			children = (
				7EEAAD342BD0EBD4002963F3 /* CupcakeCornerForAdminApp.swift */,
				7E73D9522BE6B57100DC02FB /* Views */,
			);
			path = CupcakeCornerForAdmin;
			sourceTree = "<group>";
		};
		7EEAAD402BD0ED6B002963F3 /* Common */ = {
			isa = PBXGroup;
			children = (
				7E8ADE5C2BEAF41400A16692 /* Entrypoint */,
				7E638E3C2C0802EC00AC6D47 /* Assets Content */,
				7E287F012BD8A0AB0052438E /* Models */,
				7E287F082BD8B0550052438E /* Networking */,
				7EEAAD572BD0FF7B002963F3 /* Persistence */,
				7EA204552BD390B100C8A6DF /* Erros */,
				7E9DDFC02BBFC20500C73D99 /* Extensions */,
				7E73D9512BE6B51500DC02FB /* Views */,
			);
			path = Common;
			sourceTree = "<group>";
		};
		7EEAAD572BD0FF7B002963F3 /* Persistence */ = {
			isa = PBXGroup;
			children = (
				7EA2045C2BD3915A00C8A6DF /* Keychain */,
				7E2263212BD1DB46001AD0B6 /* Cache */,
			);
			path = Persistence;
			sourceTree = "<group>";
		};
		7EEAAD5F2BD10284002963F3 /* Account */ = {
			isa = PBXGroup;
			children = (
				7E8E31C52BE5818100513538 /* Components */,
				7EFF52EC2BC52A6E0048A61B /* AccountView.swift */,
				7ECFD3462BD4986600171C7C /* AccountViewModel.swift */,
			);
			path = Account;
			sourceTree = "<group>";
		};
		7EFBF7092C104C90007C6C50 /* DTOs */ = {
			isa = PBXGroup;
			children = (
				7EEAAD542BD0FDED002963F3 /* Role.swift */,
				7E22631B2BD1D325001AD0B6 /* PaymentMethod.swift */,
				7EEAAD512BD0FD73002963F3 /* User.swift */,
				7EA2044C2BD378D800C8A6DF /* Token.swift */,
				7E287EF92BD8915D0052438E /* Order.swift */,
				7E287EFB2BD892C50052438E /* Status.swift */,
				7E26FDAE2BDB397700D1C5FA /* Cupcake.swift */,
			);
			path = DTOs;
			sourceTree = "<group>";
		};
		7EFBF70A2C104E22007C6C50 /* Models */ = {
			isa = PBXGroup;
			children = (
				7E48E2E62C01808800E11BEE /* CacheStore.xcdatamodeld */,
				7E48E2EA2C01825200E11BEE /* Cupcake+CoreDataClass.swift */,
				7E48E2EB2C01825200E11BEE /* Cupcake+CoreDataProperties.swift */,
				7E48E2EC2C01825200E11BEE /* User+CoreDataClass.swift */,
				7E48E2ED2C01825200E11BEE /* User+CoreDataProperties.swift */,
			);
			path = Models;
			sourceTree = "<group>";
		};
		7EFF52E82BC528930048A61B /* Profile View */ = {
			isa = PBXGroup;
			children = (
				7E9DDFA62BBF925200C73D99 /* ProfileView.swift */,
				7ECFD3552BD4C89100171C7C /* PageController.swift */,
				7EEAAD5F2BD10284002963F3 /* Account */,
				7E2263232BD1DBAE001AD0B6 /* Create Account */,
				7E2263332BD1FB00001AD0B6 /* Login */,
			);
			path = "Profile View";
			sourceTree = "<group>";
		};
/* End PBXGroup section */

/* Begin PBXNativeTarget section */
		7E00CACF2BBE7F4C0033A2F9 /* CupcakeCorner */ = {
			isa = PBXNativeTarget;
			buildConfigurationList = 7E00CADE2BBE7F4E0033A2F9 /* Build configuration list for PBXNativeTarget "CupcakeCorner" */;
			buildPhases = (
				7E00CACC2BBE7F4C0033A2F9 /* Sources */,
				7E00CACD2BBE7F4C0033A2F9 /* Frameworks */,
				7E00CACE2BBE7F4C0033A2F9 /* Resources */,
			);
			buildRules = (
			);
			dependencies = (
			);
			name = CupcakeCorner;
			packageProductDependencies = (
			);
			productName = CupcakeCorner;
			productReference = 7E00CAD02BBE7F4C0033A2F9 /* CupcakeCorner.app */;
			productType = "com.apple.product-type.application";
		};
		7EEAAD312BD0EBD4002963F3 /* CupcakeCornerForAdmin */ = {
			isa = PBXNativeTarget;
			buildConfigurationList = 7EEAAD3D2BD0EBD7002963F3 /* Build configuration list for PBXNativeTarget "CupcakeCornerForAdmin" */;
			buildPhases = (
				7EEAAD2E2BD0EBD4002963F3 /* Sources */,
				7EEAAD2F2BD0EBD4002963F3 /* Frameworks */,
				7EEAAD302BD0EBD4002963F3 /* Resources */,
			);
			buildRules = (
			);
			dependencies = (
			);
			name = CupcakeCornerForAdmin;
			packageProductDependencies = (
			);
			productName = CupcakeCornerForAdmin;
			productReference = 7EEAAD322BD0EBD4002963F3 /* CupcakeCornerForAdmin.app */;
			productType = "com.apple.product-type.application";
		};
/* End PBXNativeTarget section */

/* Begin PBXProject section */
		7E00CAC82BBE7F4C0033A2F9 /* Project object */ = {
			isa = PBXProject;
			attributes = {
				BuildIndependentTargetsInParallel = 1;
				LastSwiftUpdateCheck = 1530;
				LastUpgradeCheck = 1530;
				TargetAttributes = {
					7E00CACF2BBE7F4C0033A2F9 = {
						CreatedOnToolsVersion = 15.3;
					};
					7EEAAD312BD0EBD4002963F3 = {
						CreatedOnToolsVersion = 15.3;
					};
				};
			};
			buildConfigurationList = 7E00CACB2BBE7F4C0033A2F9 /* Build configuration list for PBXProject "CupcakeCorner" */;
			compatibilityVersion = "Xcode 14.0";
			developmentRegion = en;
			hasScannedForEncodings = 0;
			knownRegions = (
				en,
				Base,
			);
			mainGroup = 7E00CAC72BBE7F4C0033A2F9;
			packageReferences = (
			);
			productRefGroup = 7E00CAD12BBE7F4C0033A2F9 /* Products */;
			projectDirPath = "";
			projectRoot = "";
			targets = (
				7E00CACF2BBE7F4C0033A2F9 /* CupcakeCorner */,
				7EEAAD312BD0EBD4002963F3 /* CupcakeCornerForAdmin */,
			);
		};
/* End PBXProject section */

/* Begin PBXResourcesBuildPhase section */
		7E00CACE2BBE7F4C0033A2F9 /* Resources */ = {
			isa = PBXResourcesBuildPhase;
			buildActionMask = 2147483647;
			files = (
				7E00CAE32BBE81B00033A2F9 /* LICENSE in Resources */,
				7E00CADB2BBE7F4E0033A2F9 /* Preview Assets.xcassets in Resources */,
				7E00CAE42BBE81B00033A2F9 /* README.md in Resources */,
				7E00CAD82BBE7F4E0033A2F9 /* Assets.xcassets in Resources */,
			);
			runOnlyForDeploymentPostprocessing = 0;
		};
		7EEAAD302BD0EBD4002963F3 /* Resources */ = {
			isa = PBXResourcesBuildPhase;
			buildActionMask = 2147483647;
			files = (
				7E638E3D2C08032500AC6D47 /* Preview Assets.xcassets in Resources */,
				7E638E3B2C0802D400AC6D47 /* Assets.xcassets in Resources */,
			);
			runOnlyForDeploymentPostprocessing = 0;
		};
/* End PBXResourcesBuildPhase section */

/* Begin PBXSourcesBuildPhase section */
		7E00CACC2BBE7F4C0033A2F9 /* Sources */ = {
			isa = PBXSourcesBuildPhase;
			buildActionMask = 2147483647;
			files = (
				7ECFD3472BD4986600171C7C /* AccountViewModel.swift in Sources */,
				7E00CAD62BBE7F4C0033A2F9 /* HomeView.swift in Sources */,
				7E48E2E82C01808800E11BEE /* CacheStore.xcdatamodeld in Sources */,
				7EEAAD4A2BD0F1B6002963F3 /* LoginView.swift in Sources */,
				7E9DDFA32BBF922000C73D99 /* BagView.swift in Sources */,
				7E287EFC2BD892C50052438E /* Status.swift in Sources */,
				7E22631C2BD1D325001AD0B6 /* PaymentMethod.swift in Sources */,
				7E8917932BF0668D00B16B46 /* CupcakeViewLoad.swift in Sources */,
				7E22632B2BD1E4D3001AD0B6 /* AppAlert.swift in Sources */,
				7E90477C2BC1210F00DB7516 /* InformationLabel.swift in Sources */,
				7EFF52ED2BC52A6E0048A61B /* AccountView.swift in Sources */,
				7E287EFA2BD8915D0052438E /* Order.swift in Sources */,
				7E9DDFC22BBFC21A00C73D99 /* Double+Extension.swift in Sources */,
				7E48E2F72C018C5E00E11BEE /* CacheStoreService.swift in Sources */,
				7E26FDBC2BDB724E00D1C5FA /* OrderViewModel.swift in Sources */,
				7E26FDAD2BDB393C00D1C5FA /* CupcakeViewModel.swift in Sources */,
				7EA204532BD37F8D00C8A6DF /* KeychainService.swift in Sources */,
				7ECFD3562BD4C89100171C7C /* PageController.swift in Sources */,
				7E9DDFA72BBF925200C73D99 /* ProfileView.swift in Sources */,
				7EEAAD522BD0FD73002963F3 /* User.swift in Sources */,
				7EDAA8432BDA46C9006E7770 /* WebSocketConnectionError.swift in Sources */,
				7ED01C9E2BC2885800387838 /* SpecialRequestButton.swift in Sources */,
				7E9DDFB32BBF962C00C73D99 /* Icon.swift in Sources */,
				7EA2045A2BD390EF00C8A6DF /* KeychainError.swift in Sources */,
				7E8E31C92BE5932A00513538 /* AccountViewLoad.swift in Sources */,
				7E2263382BD1FBB1001AD0B6 /* Login.swift in Sources */,
				7E22631F2BD1D78A001AD0B6 /* CreateAnAccountViewModel.swift in Sources */,
				7E9DDFC42BBFC6A200C73D99 /* View+Extension.swift in Sources */,
				7EA204572BD390CD00C8A6DF /* APIError.swift in Sources */,
				7E287F102BD8C16A0052438E /* URLSessionType.swift in Sources */,
				7E9DDFBF2BBFBF3500C73D99 /* NewCupcakeHighlights.swift in Sources */,
				7EA2044D2BD378D800C8A6DF /* Token.swift in Sources */,
				7EA2044A2BD3733300C8A6DF /* HTTPHeaderField.swift in Sources */,
				7ED01C9C2BC2883D00387838 /* ProductHighlight.swift in Sources */,
				7EA2045E2BD3938300C8A6DF /* Keys.swift in Sources */,
				7E287F0A2BD8B06F0052438E /* NetworkService.swift in Sources */,
				7E9C0AA62C0E9820006DDD86 /* Data+Extensions.swift in Sources */,
				7E26FDAF2BDB397700D1C5FA /* Cupcake.swift in Sources */,
				7E9DDFBD2BBFAFEE00C73D99 /* CupcakeCard.swift in Sources */,
				7EA204472BD372E200C8A6DF /* HTTPMethod.swift in Sources */,
				7EFF52EB2BC528CB0048A61B /* CreateAnAccount.swift in Sources */,
				7EBE01BE2BEC6E2D001B22C3 /* OrderWebSocketService.swift in Sources */,
				7E22632E2BD1F32A001AD0B6 /* ViewState.swift in Sources */,
				7E287EFE2BD89A620052438E /* BagViewModel.swift in Sources */,
				7E638E432C083B3D00AC6D47 /* CupcakeCornerSplashView.swift in Sources */,
				7E90476F2BC10D5100DB7516 /* BagViewTexts.swift in Sources */,
				7E9DDFB82BBF9D6B00C73D99 /* BuyText.swift in Sources */,
				7E9DDFA92BBF937B00C73D99 /* OrderView.swift in Sources */,
				7E00CAD42BBE7F4C0033A2F9 /* CupcakeCornerApp.swift in Sources */,
				7E22633B2BD1FCA8001AD0B6 /* LoginViewModel.swift in Sources */,
				7E68F3A52BE7612800941DBC /* WebSocketTypeCommunication.swift in Sources */,
				7E287F032BD8A0CE0052438E /* ApplicationType.swift in Sources */,
				7ECFD35B2BD4CD6C00171C7C /* NamespaceKey.swift in Sources */,
				7EA204502BD37D3D00C8A6DF /* AuthorizationHeader.swift in Sources */,
				7EDDEF252BF87CEA00BED6DE /* PaymentMethodSelector.swift in Sources */,
				7E9DDFA52BBF924100C73D99 /* CupcakeView.swift in Sources */,
				7EEAAD552BD0FDED002963F3 /* Role.swift in Sources */,
				7EDDEF272BF87E5500BED6DE /* EmptyStateView.swift in Sources */,
				7E9047752BC11F5B00DB7516 /* ItemCard.swift in Sources */,
				7E287F0D2BD8C1540052438E /* Values.swift in Sources */,
				7EFF52E52BC517450048A61B /* BagViewPopulated.swift in Sources */,
				7E9DDFBB2BBFA3AC00C73D99 /* FreeShipping.swift in Sources */,
				7E9047732BC11EDA00DB7516 /* BagViewEmpty.swift in Sources */,
				7E8ADE5E2BEAF59900A16692 /* MainEntrypoint.swift in Sources */,
				7E90477A2BC1207B00DB7516 /* ActionButton.swift in Sources */,
				7E48E2EE2C01825200E11BEE /* Cupcake+CoreDataClass.swift in Sources */,
				7E48E2EF2C01825200E11BEE /* Cupcake+CoreDataProperties.swift in Sources */,
				7E48E2F02C01825200E11BEE /* User+CoreDataClass.swift in Sources */,
				7E48E2F12C01825200E11BEE /* User+CoreDataProperties.swift in Sources */,
			);
			runOnlyForDeploymentPostprocessing = 0;
		};
		7EEAAD2E2BD0EBD4002963F3 /* Sources */ = {
			isa = PBXSourcesBuildPhase;
			buildActionMask = 2147483647;
			files = (
				7EA2043D2BD337A700C8A6DF /* InformationLabel.swift in Sources */,
				7E8917942BF0668D00B16B46 /* CupcakeViewLoad.swift in Sources */,
				7E8E31992BE43D0700513538 /* Cupcake.swift in Sources */,
				7E22631D2BD1D325001AD0B6 /* PaymentMethod.swift in Sources */,
				7EEAAD4B2BD0F1B6002963F3 /* LoginView.swift in Sources */,
				7EEAAD352BD0EBD4002963F3 /* CupcakeCornerForAdminApp.swift in Sources */,
				7E2263302BD1F8CA001AD0B6 /* CreateAnAccount.swift in Sources */,
				7E8E319A2BE43D0700513538 /* User.swift in Sources */,
				7EEAAD4C2BD0F5F3002963F3 /* ActionButton.swift in Sources */,
				7E8E31B82BE49D2E00513538 /* UpdateCupcakeViewModel.swift in Sources */,
				7E8E31C02BE4A85300513538 /* CupcakeDetailView.swift in Sources */,
				7E8E31A12BE472FE00513538 /* Status.swift in Sources */,
				7E2263202BD1D78A001AD0B6 /* CreateAnAccountViewModel.swift in Sources */,
				7E8E31C22BE4A88E00513538 /* CupcakeDetailViewViewModel.swift in Sources */,
				7EA2044E2BD378D800C8A6DF /* Token.swift in Sources */,
				7E48E2F82C018C5E00E11BEE /* CacheStoreService.swift in Sources */,
				7E8E31B62BE49CDD00513538 /* UpdateCupcakeView.swift in Sources */,
				7EA2044B2BD3733300C8A6DF /* HTTPHeaderField.swift in Sources */,
				7EA2045F2BD3938300C8A6DF /* Keys.swift in Sources */,
				7E8E31C72BE5818F00513538 /* AccountViewLoad.swift in Sources */,
				7E287F0B2BD8B06F0052438E /* NetworkService.swift in Sources */,
				7E8E31B02BE4866400513538 /* CreateCupcakeViewModel.swift in Sources */,
				7E22632C2BD1E4D3001AD0B6 /* AppAlert.swift in Sources */,
				7EDDEF2F2BF8981E00BED6DE /* EmptyStateView.swift in Sources */,
				7E8E319B2BE43D0700513538 /* Order.swift in Sources */,
				7E9C0AA72C0E9820006DDD86 /* Data+Extensions.swift in Sources */,
				7E287F112BD8C16A0052438E /* URLSessionType.swift in Sources */,
				7E22633C2BD1FCA8001AD0B6 /* LoginViewModel.swift in Sources */,
				7EA2045B2BD390EF00C8A6DF /* KeychainError.swift in Sources */,
				7EA2043C2BD3379300C8A6DF /* Icon.swift in Sources */,
				7E8E31B32BE4926400513538 /* GetPhoto.swift in Sources */,
				7E8E31BC2BE4A74400513538 /* CupcakeView.swift in Sources */,
				7E8ADE5F2BEAF59900A16692 /* MainEntrypoint.swift in Sources */,
				7E68F3A62BE7612800941DBC /* WebSocketTypeCommunication.swift in Sources */,
				7E8E31C82BE5906300513538 /* HomeView.swift in Sources */,
				7E287F042BD8A0CE0052438E /* ApplicationType.swift in Sources */,
				7EDAA8442BDA46C9006E7770 /* WebSocketConnectionError.swift in Sources */,
				7E287EF52BD890C80052438E /* BagViewEmpty.swift in Sources */,
				7EA204412BD342A000C8A6DF /* Double+Extension.swift in Sources */,
				7E26AE182BD7690500036AD0 /* PageController.swift in Sources */,
				7EA2043E2BD337AB00C8A6DF /* ItemCard.swift in Sources */,
				7E22632F2BD1F32A001AD0B6 /* ViewState.swift in Sources */,
				7EEAAD562BD0FDED002963F3 /* Role.swift in Sources */,
				7EA204402BD3429C00C8A6DF /* View+Extension.swift in Sources */,
				7EA204512BD37D3D00C8A6DF /* AuthorizationHeader.swift in Sources */,
				7EA204482BD372E200C8A6DF /* HTTPMethod.swift in Sources */,
				7E287EF42BD890C50052438E /* BagViewPopulated.swift in Sources */,
				7E8E31BB2BE4A72000513538 /* CupcakeCard.swift in Sources */,
				7E48E2F22C01825200E11BEE /* Cupcake+CoreDataClass.swift in Sources */,
				7E48E2F32C01825200E11BEE /* Cupcake+CoreDataProperties.swift in Sources */,
				7E48E2F42C01825200E11BEE /* User+CoreDataClass.swift in Sources */,
				7E48E2F52C01825200E11BEE /* User+CoreDataProperties.swift in Sources */,
				7E638E442C083B3D00AC6D47 /* CupcakeCornerSplashView.swift in Sources */,
				7EBE01BF2BEC6E2D001B22C3 /* OrderWebSocketService.swift in Sources */,
				7E8E31A62BE4771100513538 /* CoverImageView.swift in Sources */,
				7EA204582BD390CD00C8A6DF /* APIError.swift in Sources */,
				7E287EFF2BD89A620052438E /* BagViewModel.swift in Sources */,
				7EA204542BD37F8D00C8A6DF /* KeychainService.swift in Sources */,
				7E8E31AE2BE4863900513538 /* CreateCupcakeView.swift in Sources */,
				7E287EF22BD890B80052438E /* BagView.swift in Sources */,
				7ECFD3452BD497FB00171C7C /* AccountView.swift in Sources */,
				7E26AE172BD768DE00036AD0 /* NamespaceKey.swift in Sources */,
				7EDDEF2D2BF8975F00BED6DE /* PaymentMethodSelector.swift in Sources */,
				7E48E2E92C01808800E11BEE /* CacheStore.xcdatamodeld in Sources */,
				7E8E31BD2BE4A7AF00513538 /* CupcakeViewModel.swift in Sources */,
				7E8E31AC2BE47EF900513538 /* EditCupcake.swift in Sources */,
				7ECFD34E2BD4A93400171C7C /* AccountViewModel.swift in Sources */,
				7E26AE162BD768C700036AD0 /* ProfileView.swift in Sources */,
				7E287F0E2BD8C1540052438E /* Values.swift in Sources */,
				7E287EF32BD890C10052438E /* BagViewTexts.swift in Sources */,
				7E2263392BD1FBB1001AD0B6 /* Login.swift in Sources */,
			);
			runOnlyForDeploymentPostprocessing = 0;
		};
/* End PBXSourcesBuildPhase section */

/* Begin XCBuildConfiguration section */
		7E00CADC2BBE7F4E0033A2F9 /* Debug */ = {
			isa = XCBuildConfiguration;
			buildSettings = {
				ALWAYS_SEARCH_USER_PATHS = NO;
				ASSETCATALOG_COMPILER_GENERATE_SWIFT_ASSET_SYMBOL_EXTENSIONS = YES;
				CLANG_ANALYZER_NONNULL = YES;
				CLANG_ANALYZER_NUMBER_OBJECT_CONVERSION = YES_AGGRESSIVE;
				CLANG_CXX_LANGUAGE_STANDARD = "gnu++20";
				CLANG_ENABLE_MODULES = YES;
				CLANG_ENABLE_OBJC_ARC = YES;
				CLANG_ENABLE_OBJC_WEAK = YES;
				CLANG_WARN_BLOCK_CAPTURE_AUTORELEASING = YES;
				CLANG_WARN_BOOL_CONVERSION = YES;
				CLANG_WARN_COMMA = YES;
				CLANG_WARN_CONSTANT_CONVERSION = YES;
				CLANG_WARN_DEPRECATED_OBJC_IMPLEMENTATIONS = YES;
				CLANG_WARN_DIRECT_OBJC_ISA_USAGE = YES_ERROR;
				CLANG_WARN_DOCUMENTATION_COMMENTS = YES;
				CLANG_WARN_EMPTY_BODY = YES;
				CLANG_WARN_ENUM_CONVERSION = YES;
				CLANG_WARN_INFINITE_RECURSION = YES;
				CLANG_WARN_INT_CONVERSION = YES;
				CLANG_WARN_NON_LITERAL_NULL_CONVERSION = YES;
				CLANG_WARN_OBJC_IMPLICIT_RETAIN_SELF = YES;
				CLANG_WARN_OBJC_LITERAL_CONVERSION = YES;
				CLANG_WARN_OBJC_ROOT_CLASS = YES_ERROR;
				CLANG_WARN_QUOTED_INCLUDE_IN_FRAMEWORK_HEADER = YES;
				CLANG_WARN_RANGE_LOOP_ANALYSIS = YES;
				CLANG_WARN_STRICT_PROTOTYPES = YES;
				CLANG_WARN_SUSPICIOUS_MOVE = YES;
				CLANG_WARN_UNGUARDED_AVAILABILITY = YES_AGGRESSIVE;
				CLANG_WARN_UNREACHABLE_CODE = YES;
				CLANG_WARN__DUPLICATE_METHOD_MATCH = YES;
				COPY_PHASE_STRIP = NO;
				DEBUG_INFORMATION_FORMAT = dwarf;
				ENABLE_STRICT_OBJC_MSGSEND = YES;
				ENABLE_TESTABILITY = YES;
				ENABLE_USER_SCRIPT_SANDBOXING = YES;
				GCC_C_LANGUAGE_STANDARD = gnu17;
				GCC_DYNAMIC_NO_PIC = NO;
				GCC_NO_COMMON_BLOCKS = YES;
				GCC_OPTIMIZATION_LEVEL = 0;
				GCC_PREPROCESSOR_DEFINITIONS = (
					"DEBUG=1",
					"$(inherited)",
				);
				GCC_WARN_64_TO_32_BIT_CONVERSION = YES;
				GCC_WARN_ABOUT_RETURN_TYPE = YES_ERROR;
				GCC_WARN_UNDECLARED_SELECTOR = YES;
				GCC_WARN_UNINITIALIZED_AUTOS = YES_AGGRESSIVE;
				GCC_WARN_UNUSED_FUNCTION = YES;
				GCC_WARN_UNUSED_VARIABLE = YES;
				IPHONEOS_DEPLOYMENT_TARGET = 17.4;
				LOCALIZATION_PREFERS_STRING_CATALOGS = YES;
				MTL_ENABLE_DEBUG_INFO = INCLUDE_SOURCE;
				MTL_FAST_MATH = YES;
				ONLY_ACTIVE_ARCH = YES;
				SDKROOT = iphoneos;
				SWIFT_ACTIVE_COMPILATION_CONDITIONS = "DEBUG $(inherited)";
				SWIFT_OPTIMIZATION_LEVEL = "-Onone";
			};
			name = Debug;
		};
		7E00CADD2BBE7F4E0033A2F9 /* Release */ = {
			isa = XCBuildConfiguration;
			buildSettings = {
				ALWAYS_SEARCH_USER_PATHS = NO;
				ASSETCATALOG_COMPILER_GENERATE_SWIFT_ASSET_SYMBOL_EXTENSIONS = YES;
				CLANG_ANALYZER_NONNULL = YES;
				CLANG_ANALYZER_NUMBER_OBJECT_CONVERSION = YES_AGGRESSIVE;
				CLANG_CXX_LANGUAGE_STANDARD = "gnu++20";
				CLANG_ENABLE_MODULES = YES;
				CLANG_ENABLE_OBJC_ARC = YES;
				CLANG_ENABLE_OBJC_WEAK = YES;
				CLANG_WARN_BLOCK_CAPTURE_AUTORELEASING = YES;
				CLANG_WARN_BOOL_CONVERSION = YES;
				CLANG_WARN_COMMA = YES;
				CLANG_WARN_CONSTANT_CONVERSION = YES;
				CLANG_WARN_DEPRECATED_OBJC_IMPLEMENTATIONS = YES;
				CLANG_WARN_DIRECT_OBJC_ISA_USAGE = YES_ERROR;
				CLANG_WARN_DOCUMENTATION_COMMENTS = YES;
				CLANG_WARN_EMPTY_BODY = YES;
				CLANG_WARN_ENUM_CONVERSION = YES;
				CLANG_WARN_INFINITE_RECURSION = YES;
				CLANG_WARN_INT_CONVERSION = YES;
				CLANG_WARN_NON_LITERAL_NULL_CONVERSION = YES;
				CLANG_WARN_OBJC_IMPLICIT_RETAIN_SELF = YES;
				CLANG_WARN_OBJC_LITERAL_CONVERSION = YES;
				CLANG_WARN_OBJC_ROOT_CLASS = YES_ERROR;
				CLANG_WARN_QUOTED_INCLUDE_IN_FRAMEWORK_HEADER = YES;
				CLANG_WARN_RANGE_LOOP_ANALYSIS = YES;
				CLANG_WARN_STRICT_PROTOTYPES = YES;
				CLANG_WARN_SUSPICIOUS_MOVE = YES;
				CLANG_WARN_UNGUARDED_AVAILABILITY = YES_AGGRESSIVE;
				CLANG_WARN_UNREACHABLE_CODE = YES;
				CLANG_WARN__DUPLICATE_METHOD_MATCH = YES;
				COPY_PHASE_STRIP = NO;
				DEBUG_INFORMATION_FORMAT = "dwarf-with-dsym";
				ENABLE_NS_ASSERTIONS = NO;
				ENABLE_STRICT_OBJC_MSGSEND = YES;
				ENABLE_USER_SCRIPT_SANDBOXING = YES;
				GCC_C_LANGUAGE_STANDARD = gnu17;
				GCC_NO_COMMON_BLOCKS = YES;
				GCC_WARN_64_TO_32_BIT_CONVERSION = YES;
				GCC_WARN_ABOUT_RETURN_TYPE = YES_ERROR;
				GCC_WARN_UNDECLARED_SELECTOR = YES;
				GCC_WARN_UNINITIALIZED_AUTOS = YES_AGGRESSIVE;
				GCC_WARN_UNUSED_FUNCTION = YES;
				GCC_WARN_UNUSED_VARIABLE = YES;
				IPHONEOS_DEPLOYMENT_TARGET = 17.4;
				LOCALIZATION_PREFERS_STRING_CATALOGS = YES;
				MTL_ENABLE_DEBUG_INFO = NO;
				MTL_FAST_MATH = YES;
				SDKROOT = iphoneos;
				SWIFT_COMPILATION_MODE = wholemodule;
				VALIDATE_PRODUCT = YES;
			};
			name = Release;
		};
		7E00CADF2BBE7F4E0033A2F9 /* Debug */ = {
			isa = XCBuildConfiguration;
			buildSettings = {
				ASSETCATALOG_COMPILER_APPICON_NAME = AppIcon;
				ASSETCATALOG_COMPILER_GLOBAL_ACCENT_COLOR_NAME = AccentColor;
				CODE_SIGN_STYLE = Automatic;
				CURRENT_PROJECT_VERSION = 1;
				DEVELOPMENT_ASSET_PATHS = "\"Common/Assets Content/Preview Content\"";
				DEVELOPMENT_TEAM = 9798UJJCY4;
				ENABLE_PREVIEWS = YES;
				GENERATE_INFOPLIST_FILE = YES;
				INFOPLIST_KEY_CFBundleDisplayName = "Cupcake Corner";
				INFOPLIST_KEY_UIApplicationSceneManifest_Generation = YES;
				INFOPLIST_KEY_UIApplicationSupportsIndirectInputEvents = YES;
				INFOPLIST_KEY_UILaunchScreen_Generation = YES;
				INFOPLIST_KEY_UILaunchStoryboardName = CupcakeCornerLaunchScreen.storyboard;
				INFOPLIST_KEY_UISupportedInterfaceOrientations_iPad = "UIInterfaceOrientationPortrait UIInterfaceOrientationPortraitUpsideDown UIInterfaceOrientationLandscapeLeft UIInterfaceOrientationLandscapeRight";
				INFOPLIST_KEY_UISupportedInterfaceOrientations_iPhone = "UIInterfaceOrientationPortrait UIInterfaceOrientationLandscapeLeft UIInterfaceOrientationLandscapeRight";
				IPHONEOS_DEPLOYMENT_TARGET = 17.0;
				LD_RUNPATH_SEARCH_PATHS = (
					"$(inherited)",
					"@executable_path/Frameworks",
				);
				MARKETING_VERSION = 1.0;
				OTHER_SWIFT_FLAGS = "-DCLIENT";
				PRODUCT_BUNDLE_IDENTIFIER = Isaque.CupcakeCorner;
				PRODUCT_NAME = "$(TARGET_NAME)";
				SUPPORTED_PLATFORMS = "iphoneos iphonesimulator";
				SUPPORTS_MACCATALYST = NO;
				SUPPORTS_MAC_DESIGNED_FOR_IPHONE_IPAD = NO;
				SUPPORTS_XR_DESIGNED_FOR_IPHONE_IPAD = NO;
				SWIFT_EMIT_LOC_STRINGS = YES;
				SWIFT_VERSION = 5.0;
				TARGETED_DEVICE_FAMILY = "1,2";
			};
			name = Debug;
		};
		7E00CAE02BBE7F4E0033A2F9 /* Release */ = {
			isa = XCBuildConfiguration;
			buildSettings = {
				ASSETCATALOG_COMPILER_APPICON_NAME = AppIcon;
				ASSETCATALOG_COMPILER_GLOBAL_ACCENT_COLOR_NAME = AccentColor;
				CODE_SIGN_STYLE = Automatic;
				CURRENT_PROJECT_VERSION = 1;
				DEVELOPMENT_ASSET_PATHS = "\"Common/Assets Content/Preview Content\"";
				DEVELOPMENT_TEAM = 9798UJJCY4;
				ENABLE_PREVIEWS = YES;
				GENERATE_INFOPLIST_FILE = YES;
				INFOPLIST_KEY_CFBundleDisplayName = "Cupcake Corner";
				INFOPLIST_KEY_UIApplicationSceneManifest_Generation = YES;
				INFOPLIST_KEY_UIApplicationSupportsIndirectInputEvents = YES;
				INFOPLIST_KEY_UILaunchScreen_Generation = YES;
				INFOPLIST_KEY_UILaunchStoryboardName = CupcakeCornerLaunchScreen.storyboard;
				INFOPLIST_KEY_UISupportedInterfaceOrientations_iPad = "UIInterfaceOrientationPortrait UIInterfaceOrientationPortraitUpsideDown UIInterfaceOrientationLandscapeLeft UIInterfaceOrientationLandscapeRight";
				INFOPLIST_KEY_UISupportedInterfaceOrientations_iPhone = "UIInterfaceOrientationPortrait UIInterfaceOrientationLandscapeLeft UIInterfaceOrientationLandscapeRight";
				IPHONEOS_DEPLOYMENT_TARGET = 17.0;
				LD_RUNPATH_SEARCH_PATHS = (
					"$(inherited)",
					"@executable_path/Frameworks",
				);
				MARKETING_VERSION = 1.0;
				OTHER_SWIFT_FLAGS = "-DCLIENT";
				PRODUCT_BUNDLE_IDENTIFIER = Isaque.CupcakeCorner;
				PRODUCT_NAME = "$(TARGET_NAME)";
				SUPPORTED_PLATFORMS = "iphoneos iphonesimulator";
				SUPPORTS_MACCATALYST = NO;
				SUPPORTS_MAC_DESIGNED_FOR_IPHONE_IPAD = NO;
				SUPPORTS_XR_DESIGNED_FOR_IPHONE_IPAD = NO;
				SWIFT_EMIT_LOC_STRINGS = YES;
				SWIFT_VERSION = 5.0;
				TARGETED_DEVICE_FAMILY = "1,2";
			};
			name = Release;
		};
		7EEAAD3E2BD0EBD7002963F3 /* Debug */ = {
			isa = XCBuildConfiguration;
			buildSettings = {
				ASSETCATALOG_COMPILER_APPICON_NAME = AppIcon;
				ASSETCATALOG_COMPILER_GLOBAL_ACCENT_COLOR_NAME = AccentColor;
				CODE_SIGN_STYLE = Automatic;
				CURRENT_PROJECT_VERSION = 1;
				DEVELOPMENT_ASSET_PATHS = "\"Common/Assets Content/Preview Content\"";
				DEVELOPMENT_TEAM = 9798UJJCY4;
				ENABLE_PREVIEWS = YES;
				GENERATE_INFOPLIST_FILE = YES;
				INFOPLIST_KEY_CFBundleDisplayName = "Cupcake Corner For Admin";
				INFOPLIST_KEY_UIApplicationSceneManifest_Generation = YES;
				INFOPLIST_KEY_UIApplicationSupportsIndirectInputEvents = YES;
				INFOPLIST_KEY_UILaunchScreen_Generation = YES;
				INFOPLIST_KEY_UILaunchStoryboardName = "";
				INFOPLIST_KEY_UISupportedInterfaceOrientations_iPad = "UIInterfaceOrientationPortrait UIInterfaceOrientationPortraitUpsideDown UIInterfaceOrientationLandscapeLeft UIInterfaceOrientationLandscapeRight";
				INFOPLIST_KEY_UISupportedInterfaceOrientations_iPhone = "UIInterfaceOrientationPortrait UIInterfaceOrientationLandscapeLeft UIInterfaceOrientationLandscapeRight";
				LD_RUNPATH_SEARCH_PATHS = (
					"$(inherited)",
					"@executable_path/Frameworks",
				);
				MARKETING_VERSION = 1.0;
				OTHER_SWIFT_FLAGS = "-DADMIN";
				PRODUCT_BUNDLE_IDENTIFIER = Isaque.CupcakeCornerForAdmin;
				PRODUCT_NAME = "$(TARGET_NAME)";
				SWIFT_EMIT_LOC_STRINGS = YES;
				SWIFT_VERSION = 5.0;
				TARGETED_DEVICE_FAMILY = "1,2";
			};
			name = Debug;
		};
		7EEAAD3F2BD0EBD7002963F3 /* Release */ = {
			isa = XCBuildConfiguration;
			buildSettings = {
				ASSETCATALOG_COMPILER_APPICON_NAME = AppIcon;
				ASSETCATALOG_COMPILER_GLOBAL_ACCENT_COLOR_NAME = AccentColor;
				CODE_SIGN_STYLE = Automatic;
				CURRENT_PROJECT_VERSION = 1;
				DEVELOPMENT_ASSET_PATHS = "\"Common/Assets Content/Preview Content\"";
				DEVELOPMENT_TEAM = 9798UJJCY4;
				ENABLE_PREVIEWS = YES;
				GENERATE_INFOPLIST_FILE = YES;
				INFOPLIST_KEY_CFBundleDisplayName = "Cupcake Corner For Admin";
				INFOPLIST_KEY_UIApplicationSceneManifest_Generation = YES;
				INFOPLIST_KEY_UIApplicationSupportsIndirectInputEvents = YES;
				INFOPLIST_KEY_UILaunchScreen_Generation = YES;
				INFOPLIST_KEY_UILaunchStoryboardName = "";
				INFOPLIST_KEY_UISupportedInterfaceOrientations_iPad = "UIInterfaceOrientationPortrait UIInterfaceOrientationPortraitUpsideDown UIInterfaceOrientationLandscapeLeft UIInterfaceOrientationLandscapeRight";
				INFOPLIST_KEY_UISupportedInterfaceOrientations_iPhone = "UIInterfaceOrientationPortrait UIInterfaceOrientationLandscapeLeft UIInterfaceOrientationLandscapeRight";
				LD_RUNPATH_SEARCH_PATHS = (
					"$(inherited)",
					"@executable_path/Frameworks",
				);
				MARKETING_VERSION = 1.0;
				OTHER_SWIFT_FLAGS = "-DADMIN";
				PRODUCT_BUNDLE_IDENTIFIER = Isaque.CupcakeCornerForAdmin;
				PRODUCT_NAME = "$(TARGET_NAME)";
				SWIFT_EMIT_LOC_STRINGS = YES;
				SWIFT_VERSION = 5.0;
				TARGETED_DEVICE_FAMILY = "1,2";
			};
			name = Release;
		};
/* End XCBuildConfiguration section */

/* Begin XCConfigurationList section */
		7E00CACB2BBE7F4C0033A2F9 /* Build configuration list for PBXProject "CupcakeCorner" */ = {
			isa = XCConfigurationList;
			buildConfigurations = (
				7E00CADC2BBE7F4E0033A2F9 /* Debug */,
				7E00CADD2BBE7F4E0033A2F9 /* Release */,
			);
			defaultConfigurationIsVisible = 0;
			defaultConfigurationName = Release;
		};
		7E00CADE2BBE7F4E0033A2F9 /* Build configuration list for PBXNativeTarget "CupcakeCorner" */ = {
			isa = XCConfigurationList;
			buildConfigurations = (
				7E00CADF2BBE7F4E0033A2F9 /* Debug */,
				7E00CAE02BBE7F4E0033A2F9 /* Release */,
			);
			defaultConfigurationIsVisible = 0;
			defaultConfigurationName = Release;
		};
		7EEAAD3D2BD0EBD7002963F3 /* Build configuration list for PBXNativeTarget "CupcakeCornerForAdmin" */ = {
			isa = XCConfigurationList;
			buildConfigurations = (
				7EEAAD3E2BD0EBD7002963F3 /* Debug */,
				7EEAAD3F2BD0EBD7002963F3 /* Release */,
			);
			defaultConfigurationIsVisible = 0;
			defaultConfigurationName = Release;
		};
/* End XCConfigurationList section */

/* Begin XCVersionGroup section */
		7E48E2E62C01808800E11BEE /* CacheStore.xcdatamodeld */ = {
			isa = XCVersionGroup;
			children = (
				7E48E2E72C01808800E11BEE /* CacheStore.xcdatamodel */,
			);
			currentVersion = 7E48E2E72C01808800E11BEE /* CacheStore.xcdatamodel */;
			path = CacheStore.xcdatamodeld;
			sourceTree = "<group>";
			versionGroupType = wrapper.xcdatamodel;
		};
/* End XCVersionGroup section */
	};
	rootObject = 7E00CAC82BBE7F4C0033A2F9 /* Project object */;
}
